// !$*UTF8*$!
{
	archiveVersion = 1;
	classes = {
	};
	objectVersion = 46;
	objects = {

/* Begin PBXBuildFile section */
		62317EE21C9EFC3C0028FA22 /* JMUIShowTimeCell.xib in Resources */ = {isa = PBXBuildFile; fileRef = 62C0288E1C3F97B40028B936 /* JMUIShowTimeCell.xib */; };
		62317EE31C9EFC3C0028FA22 /* JMUIInputToolbar.xib in Resources */ = {isa = PBXBuildFile; fileRef = 62C028A81C3F97B40028B936 /* JMUIInputToolbar.xib */; };
		62317EE41C9EFC3C0028FA22 /* JMUIMoreView.xib in Resources */ = {isa = PBXBuildFile; fileRef = 62C028AF1C3F97B40028B936 /* JMUIMoreView.xib */; };
		62317F131C9EFC5C0028FA22 /* add01_pre@2x.png in Resources */ = {isa = PBXBuildFile; fileRef = 62317EE51C9EFC5C0028FA22 /* add01_pre@2x.png */; };
		62317F141C9EFC5C0028FA22 /* add01_pre@3x.png in Resources */ = {isa = PBXBuildFile; fileRef = 62317EE61C9EFC5C0028FA22 /* add01_pre@3x.png */; };
		62317F151C9EFC5C0028FA22 /* add01@2x.png in Resources */ = {isa = PBXBuildFile; fileRef = 62317EE71C9EFC5C0028FA22 /* add01@2x.png */; };
		62317F161C9EFC5C0028FA22 /* add01@3x.png in Resources */ = {isa = PBXBuildFile; fileRef = 62317EE81C9EFC5C0028FA22 /* add01@3x.png */; };
		62317F171C9EFC5C0028FA22 /* addMan@2x.png in Resources */ = {isa = PBXBuildFile; fileRef = 62317EE91C9EFC5C0028FA22 /* addMan@2x.png */; };
		62317F181C9EFC5C0028FA22 /* addMan@3x.png in Resources */ = {isa = PBXBuildFile; fileRef = 62317EEA1C9EFC5C0028FA22 /* addMan@3x.png */; };
		62317F191C9EFC5C0028FA22 /* camera_35@2x.png in Resources */ = {isa = PBXBuildFile; fileRef = 62317EEB1C9EFC5C0028FA22 /* camera_35@2x.png */; };
		62317F1A1C9EFC5C0028FA22 /* camera_35@3x.png in Resources */ = {isa = PBXBuildFile; fileRef = 62317EEC1C9EFC5C0028FA22 /* camera_35@3x.png */; };
		62317F1B1C9EFC5C0028FA22 /* chat_voice@2x.png in Resources */ = {isa = PBXBuildFile; fileRef = 62317EED1C9EFC5C0028FA22 /* chat_voice@2x.png */; };
		62317F1C1C9EFC5C0028FA22 /* deleteMan@2x.png in Resources */ = {isa = PBXBuildFile; fileRef = 62317EEE1C9EFC5C0028FA22 /* deleteMan@2x.png */; };
		62317F1D1C9EFC5C0028FA22 /* deleteMan@3x.png in Resources */ = {isa = PBXBuildFile; fileRef = 62317EEF1C9EFC5C0028FA22 /* deleteMan@3x.png */; };
		62317F1E1C9EFC5C0028FA22 /* headDefalt@2x.png in Resources */ = {isa = PBXBuildFile; fileRef = 62317EF01C9EFC5C0028FA22 /* headDefalt@2x.png */; };
		62317F1F1C9EFC5C0028FA22 /* headDefalt@3x.png in Resources */ = {isa = PBXBuildFile; fileRef = 62317EF11C9EFC5C0028FA22 /* headDefalt@3x.png */; };
		62317F201C9EFC5C0028FA22 /* keyboard_toolbar_pre@2x.png in Resources */ = {isa = PBXBuildFile; fileRef = 62317EF21C9EFC5C0028FA22 /* keyboard_toolbar_pre@2x.png */; };
		62317F211C9EFC5C0028FA22 /* keyboard_toolbar_pre@3x.png in Resources */ = {isa = PBXBuildFile; fileRef = 62317EF31C9EFC5C0028FA22 /* keyboard_toolbar_pre@3x.png */; };
		62317F221C9EFC5C0028FA22 /* keyboard_toolbar@2x.png in Resources */ = {isa = PBXBuildFile; fileRef = 62317EF41C9EFC5C0028FA22 /* keyboard_toolbar@2x.png */; };
		62317F231C9EFC5C0028FA22 /* keyboard_toolbar@3x.png in Resources */ = {isa = PBXBuildFile; fileRef = 62317EF51C9EFC5C0028FA22 /* keyboard_toolbar@3x.png */; };
		62317F241C9EFC5C0028FA22 /* mychatBg@2x.png in Resources */ = {isa = PBXBuildFile; fileRef = 62317EF61C9EFC5C0028FA22 /* mychatBg@2x.png */; };
		62317F251C9EFC5C0028FA22 /* otherChatBg@2x.png in Resources */ = {isa = PBXBuildFile; fileRef = 62317EF71C9EFC5C0028FA22 /* otherChatBg@2x.png */; };
		62317F261C9EFC5C0028FA22 /* photo_24@2x.png in Resources */ = {isa = PBXBuildFile; fileRef = 62317EF81C9EFC5C0028FA22 /* photo_24@2x.png */; };
		62317F271C9EFC5C0028FA22 /* photo_24@3x.png in Resources */ = {isa = PBXBuildFile; fileRef = 62317EF91C9EFC5C0028FA22 /* photo_24@3x.png */; };
		62317F281C9EFC5C0028FA22 /* ReceiverVoiceNodePlaying@2x.png in Resources */ = {isa = PBXBuildFile; fileRef = 62317EFA1C9EFC5C0028FA22 /* ReceiverVoiceNodePlaying@2x.png */; };
		62317F291C9EFC5C0028FA22 /* ReceiverVoiceNodePlaying001@2x.png in Resources */ = {isa = PBXBuildFile; fileRef = 62317EFB1C9EFC5C0028FA22 /* ReceiverVoiceNodePlaying001@2x.png */; };
		62317F2A1C9EFC5C0028FA22 /* ReceiverVoiceNodePlaying002@2x.png in Resources */ = {isa = PBXBuildFile; fileRef = 62317EFC1C9EFC5C0028FA22 /* ReceiverVoiceNodePlaying002@2x.png */; };
		62317F2B1C9EFC5C0028FA22 /* ReceiverVoiceNodePlaying003@2x.png in Resources */ = {isa = PBXBuildFile; fileRef = 62317EFD1C9EFC5C0028FA22 /* ReceiverVoiceNodePlaying003@2x.png */; };
		62317F2C1C9EFC5C0028FA22 /* RecordCancel@2x.png in Resources */ = {isa = PBXBuildFile; fileRef = 62317EFE1C9EFC5C0028FA22 /* RecordCancel@2x.png */; };
		62317F2D1C9EFC5C0028FA22 /* RecordingBkg@2x.png in Resources */ = {isa = PBXBuildFile; fileRef = 62317EFF1C9EFC5C0028FA22 /* RecordingBkg@2x.png */; };
		62317F2E1C9EFC5C0028FA22 /* RecordingBkg@3x.png in Resources */ = {isa = PBXBuildFile; fileRef = 62317F001C9EFC5C0028FA22 /* RecordingBkg@3x.png */; };
		62317F2F1C9EFC5C0028FA22 /* RecordingSignal000@2x.png in Resources */ = {isa = PBXBuildFile; fileRef = 62317F011C9EFC5C0028FA22 /* RecordingSignal000@2x.png */; };
		62317F301C9EFC5C0028FA22 /* RecordingSignal001@2x.png in Resources */ = {isa = PBXBuildFile; fileRef = 62317F021C9EFC5C0028FA22 /* RecordingSignal001@2x.png */; };
		62317F311C9EFC5C0028FA22 /* RecordingSignal002@2x.png in Resources */ = {isa = PBXBuildFile; fileRef = 62317F031C9EFC5C0028FA22 /* RecordingSignal002@2x.png */; };
		62317F321C9EFC5C0028FA22 /* RecordingSignal003@2x.png in Resources */ = {isa = PBXBuildFile; fileRef = 62317F041C9EFC5C0028FA22 /* RecordingSignal003@2x.png */; };
		62317F331C9EFC5C0028FA22 /* RecordingSignal004@2x.png in Resources */ = {isa = PBXBuildFile; fileRef = 62317F051C9EFC5C0028FA22 /* RecordingSignal004@2x.png */; };
		62317F341C9EFC5C0028FA22 /* RecordingSignal005@2x.png in Resources */ = {isa = PBXBuildFile; fileRef = 62317F061C9EFC5C0028FA22 /* RecordingSignal005@2x.png */; };
		62317F351C9EFC5C0028FA22 /* RecordingSignal006@2x.png in Resources */ = {isa = PBXBuildFile; fileRef = 62317F071C9EFC5C0028FA22 /* RecordingSignal006@2x.png */; };
		62317F361C9EFC5C0028FA22 /* RecordingSignal007@2x.png in Resources */ = {isa = PBXBuildFile; fileRef = 62317F081C9EFC5C0028FA22 /* RecordingSignal007@2x.png */; };
		62317F371C9EFC5C0028FA22 /* RecordingSignal008@2x.png in Resources */ = {isa = PBXBuildFile; fileRef = 62317F091C9EFC5C0028FA22 /* RecordingSignal008@2x.png */; };
		62317F381C9EFC5C0028FA22 /* SenderVoiceNodePlaying@2x.png in Resources */ = {isa = PBXBuildFile; fileRef = 62317F0A1C9EFC5C0028FA22 /* SenderVoiceNodePlaying@2x.png */; };
		62317F391C9EFC5C0028FA22 /* SenderVoiceNodePlaying001@2x.png in Resources */ = {isa = PBXBuildFile; fileRef = 62317F0B1C9EFC5C0028FA22 /* SenderVoiceNodePlaying001@2x.png */; };
		62317F3A1C9EFC5C0028FA22 /* SenderVoiceNodePlaying002@2x.png in Resources */ = {isa = PBXBuildFile; fileRef = 62317F0C1C9EFC5C0028FA22 /* SenderVoiceNodePlaying002@2x.png */; };
		62317F3B1C9EFC5C0028FA22 /* SenderVoiceNodePlaying003@2x.png in Resources */ = {isa = PBXBuildFile; fileRef = 62317F0D1C9EFC5C0028FA22 /* SenderVoiceNodePlaying003@2x.png */; };
		62317F3C1C9EFC5C0028FA22 /* voice_delete@2x.png in Resources */ = {isa = PBXBuildFile; fileRef = 62317F0E1C9EFC5C0028FA22 /* voice_delete@2x.png */; };
		62317F3D1C9EFC5C0028FA22 /* voice_toolbar_pre@2x.png in Resources */ = {isa = PBXBuildFile; fileRef = 62317F0F1C9EFC5C0028FA22 /* voice_toolbar_pre@2x.png */; };
		62317F3E1C9EFC5C0028FA22 /* voice_toolbar_pre@3x.png in Resources */ = {isa = PBXBuildFile; fileRef = 62317F101C9EFC5C0028FA22 /* voice_toolbar_pre@3x.png */; };
		62317F3F1C9EFC5C0028FA22 /* voice_toolbar@2x.png in Resources */ = {isa = PBXBuildFile; fileRef = 62317F111C9EFC5C0028FA22 /* voice_toolbar@2x.png */; };
		62317F401C9EFC5C0028FA22 /* voice_toolbar@3x.png in Resources */ = {isa = PBXBuildFile; fileRef = 62317F121C9EFC5C0028FA22 /* voice_toolbar@3x.png */; };
		623BBAE61E4AC8E400186A4D /* UIImage+ResizeMagick.m in Sources */ = {isa = PBXBuildFile; fileRef = 623BBAE41E4AC8E400186A4D /* UIImage+ResizeMagick.m */; };
		623BBAE71E4AC8E400186A4D /* UIImage+ResizeMagick.h in Headers */ = {isa = PBXBuildFile; fileRef = 623BBAE51E4AC8E400186A4D /* UIImage+ResizeMagick.h */; };
		623BBC1D1E4C374900186A4D /* JMUIMessageTableView.h in Headers */ = {isa = PBXBuildFile; fileRef = 623BBC1B1E4C374900186A4D /* JMUIMessageTableView.h */; settings = {ATTRIBUTES = (Public, ); }; };
		623BBC1E1E4C374900186A4D /* JMUIMessageTableView.m in Sources */ = {isa = PBXBuildFile; fileRef = 623BBC1C1E4C374900186A4D /* JMUIMessageTableView.m */; };
		62719C1C1D585CF70078B18D /* JMUIAudioPlayerHelper.h in Headers */ = {isa = PBXBuildFile; fileRef = 62C028A41C3F97B40028B936 /* JMUIAudioPlayerHelper.h */; settings = {ATTRIBUTES = (Public, ); }; };
		62C028C91C3F97B40028B936 /* JMUIChattingViewController.h in Headers */ = {isa = PBXBuildFile; fileRef = 62C0287B1C3F97B40028B936 /* JMUIChattingViewController.h */; settings = {ATTRIBUTES = (Public, ); }; };
		62C028CA1C3F97B40028B936 /* JMUIChattingViewController.m in Sources */ = {isa = PBXBuildFile; fileRef = 62C0287C1C3F97B40028B936 /* JMUIChattingViewController.m */; };
		62C028CC1C3F97B40028B936 /* JMUIChattingDatasource.m in Sources */ = {isa = PBXBuildFile; fileRef = 62C0287E1C3F97B40028B936 /* JMUIChattingDatasource.m */; };
		62C028CE1C3F97B40028B936 /* JMUIChattingLayout.m in Sources */ = {isa = PBXBuildFile; fileRef = 62C028801C3F97B40028B936 /* JMUIChattingLayout.m */; };
		62C028D01C3F97B40028B936 /* JMUIChatModel.m in Sources */ = {isa = PBXBuildFile; fileRef = 62C028831C3F97B40028B936 /* JMUIChatModel.m */; };
		62C028D21C3F97B40028B936 /* JMUIMessageContentView.m in Sources */ = {isa = PBXBuildFile; fileRef = 62C028861C3F97B40028B936 /* JMUIMessageContentView.m */; };
		62C028D41C3F97B40028B936 /* JMUILoadMessageTableViewCell.m in Sources */ = {isa = PBXBuildFile; fileRef = 62C028891C3F97B40028B936 /* JMUILoadMessageTableViewCell.m */; };
		62C028D61C3F97B40028B936 /* JMUIMessageTableViewCell.m in Sources */ = {isa = PBXBuildFile; fileRef = 62C0288B1C3F97B40028B936 /* JMUIMessageTableViewCell.m */; };
		62C028D81C3F97B40028B936 /* JMUIShowTimeCell.m in Sources */ = {isa = PBXBuildFile; fileRef = 62C0288D1C3F97B40028B936 /* JMUIShowTimeCell.m */; };
		62C028D91C3F97B40028B936 /* JMUIShowTimeCell.xib in Resources */ = {isa = PBXBuildFile; fileRef = 62C0288E1C3F97B40028B936 /* JMUIShowTimeCell.xib */; };
		62C028EA1C3F97B40028B936 /* JMUIAudioPlayerHelper.m in Sources */ = {isa = PBXBuildFile; fileRef = 62C028A51C3F97B40028B936 /* JMUIAudioPlayerHelper.m */; };
		62C028EC1C3F97B40028B936 /* JMUIInputToolbar.m in Sources */ = {isa = PBXBuildFile; fileRef = 62C028A71C3F97B40028B936 /* JMUIInputToolbar.m */; };
		62C028ED1C3F97B40028B936 /* JMUIInputToolbar.xib in Resources */ = {isa = PBXBuildFile; fileRef = 62C028A81C3F97B40028B936 /* JMUIInputToolbar.xib */; };
		62C028EF1C3F97B40028B936 /* JMUIInputView.m in Sources */ = {isa = PBXBuildFile; fileRef = 62C028AA1C3F97B40028B936 /* JMUIInputView.m */; };
		62C028F11C3F97B40028B936 /* JMUIMessageTextView.m in Sources */ = {isa = PBXBuildFile; fileRef = 62C028AC1C3F97B40028B936 /* JMUIMessageTextView.m */; };
		62C028F31C3F97B40028B936 /* JMUIMoreView.m in Sources */ = {isa = PBXBuildFile; fileRef = 62C028AE1C3F97B40028B936 /* JMUIMoreView.m */; };
		62C028F41C3F97B40028B936 /* JMUIMoreView.xib in Resources */ = {isa = PBXBuildFile; fileRef = 62C028AF1C3F97B40028B936 /* JMUIMoreView.xib */; };
		62C028F61C3F97B40028B936 /* JMUIRecordAnimationView.m in Sources */ = {isa = PBXBuildFile; fileRef = 62C028B11C3F97B40028B936 /* JMUIRecordAnimationView.m */; };
		62C028F71C3F97B40028B936 /* JMUIChattingKitResource.bundle in Resources */ = {isa = PBXBuildFile; fileRef = 62C028B21C3F97B40028B936 /* JMUIChattingKitResource.bundle */; };
		62C028F91C3F9A910028B936 /* Foundation.framework in Frameworks */ = {isa = PBXBuildFile; fileRef = 62C028F81C3F9A910028B936 /* Foundation.framework */; };
		62C028FD1C3F9AA00028B936 /* Security.framework in Frameworks */ = {isa = PBXBuildFile; fileRef = 62C028FC1C3F9AA00028B936 /* Security.framework */; };
		62C028FF1C3F9AAC0028B936 /* CoreAudio.framework in Frameworks */ = {isa = PBXBuildFile; fileRef = 62C028FE1C3F9AAC0028B936 /* CoreAudio.framework */; };
		62C029031C3F9ACE0028B936 /* AVFoundation.framework in Frameworks */ = {isa = PBXBuildFile; fileRef = 62C029021C3F9ACE0028B936 /* AVFoundation.framework */; };
		62C029051C3F9AD40028B936 /* CFNetwork.framework in Frameworks */ = {isa = PBXBuildFile; fileRef = 62C029041C3F9AD40028B936 /* CFNetwork.framework */; };
		62C029071C3F9ADB0028B936 /* CoreGraphics.framework in Frameworks */ = {isa = PBXBuildFile; fileRef = 62C029061C3F9ADB0028B936 /* CoreGraphics.framework */; };
		62C029091C3F9AE50028B936 /* CoreFoundation.framework in Frameworks */ = {isa = PBXBuildFile; fileRef = 62C029081C3F9AE50028B936 /* CoreFoundation.framework */; };
		62C0290B1C3F9AED0028B936 /* CoreLocation.framework in Frameworks */ = {isa = PBXBuildFile; fileRef = 62C0290A1C3F9AED0028B936 /* CoreLocation.framework */; };
		62C0290D1C3F9B060028B936 /* SystemConfiguration.framework in Frameworks */ = {isa = PBXBuildFile; fileRef = 62C0290C1C3F9B060028B936 /* SystemConfiguration.framework */; };
		62C0290F1C3F9B310028B936 /* AudioToolbox.framework in Frameworks */ = {isa = PBXBuildFile; fileRef = 62C0290E1C3F9B310028B936 /* AudioToolbox.framework */; };
		62C029111C3F9B370028B936 /* CoreTelephony.framework in Frameworks */ = {isa = PBXBuildFile; fileRef = 62C029101C3F9B370028B936 /* CoreTelephony.framework */; };
		62C029131C3F9B3C0028B936 /* Accelerate.framework in Frameworks */ = {isa = PBXBuildFile; fileRef = 62C029121C3F9B3C0028B936 /* Accelerate.framework */; };
		62C029151C3F9B430028B936 /* Photos.framework in Frameworks */ = {isa = PBXBuildFile; fileRef = 62C029141C3F9B430028B936 /* Photos.framework */; };
		62C029311C3FB4BD0028B936 /* JMUIInputToolbar.h in Headers */ = {isa = PBXBuildFile; fileRef = 62C028A61C3F97B40028B936 /* JMUIInputToolbar.h */; settings = {ATTRIBUTES = (Public, ); }; };
		62C029321C3FB4E70028B936 /* JMUIRecordAnimationView.h in Headers */ = {isa = PBXBuildFile; fileRef = 62C028B01C3F97B40028B936 /* JMUIRecordAnimationView.h */; settings = {ATTRIBUTES = (Public, ); }; };
		62C029331C3FB50F0028B936 /* JMUIMessageTextView.h in Headers */ = {isa = PBXBuildFile; fileRef = 62C028AB1C3F97B40028B936 /* JMUIMessageTextView.h */; settings = {ATTRIBUTES = (Public, ); }; };
		62C029351C3FB5290028B936 /* JMUIMoreView.h in Headers */ = {isa = PBXBuildFile; fileRef = 62C028AD1C3F97B40028B936 /* JMUIMoreView.h */; settings = {ATTRIBUTES = (Public, ); }; };
		62C029361C3FB53E0028B936 /* JMUIInputView.h in Headers */ = {isa = PBXBuildFile; fileRef = 62C028A91C3F97B40028B936 /* JMUIInputView.h */; settings = {ATTRIBUTES = (Public, ); }; };
		62C0293B1C3FB7CA0028B936 /* JMUIChattingDatasource.h in Headers */ = {isa = PBXBuildFile; fileRef = 62C0287D1C3F97B40028B936 /* JMUIChattingDatasource.h */; settings = {ATTRIBUTES = (Public, ); }; };
		62C0295A1C4298110028B936 /* JMUIShowTimeCell.xib in Headers */ = {isa = PBXBuildFile; fileRef = 62C0288E1C3F97B40028B936 /* JMUIShowTimeCell.xib */; settings = {ATTRIBUTES = (Public, ); }; };
		62C0295B1C4298250028B936 /* JMUIInputToolbar.xib in Headers */ = {isa = PBXBuildFile; fileRef = 62C028A81C3F97B40028B936 /* JMUIInputToolbar.xib */; settings = {ATTRIBUTES = (Public, ); }; };
		62C0295C1C4298250028B936 /* JMUIMoreView.xib in Headers */ = {isa = PBXBuildFile; fileRef = 62C028AF1C3F97B40028B936 /* JMUIMoreView.xib */; settings = {ATTRIBUTES = (Public, ); }; };
		62C0295F1C429BB90028B936 /* JMUIChattingKitResource.bundle in Headers */ = {isa = PBXBuildFile; fileRef = 62C028B21C3F97B40028B936 /* JMUIChattingKitResource.bundle */; settings = {ATTRIBUTES = (Public, ); }; };
		62C02CC21C45F7CE0028B936 /* JMUICommon.framework in Frameworks */ = {isa = PBXBuildFile; fileRef = 62C02CC11C45F7CE0028B936 /* JMUICommon.framework */; };
		62C02CDA1C4627F70028B936 /* UIImage+JMUIChatting.h in Headers */ = {isa = PBXBuildFile; fileRef = 62C02CD81C4627F70028B936 /* UIImage+JMUIChatting.h */; };
		62C02CDB1C4627F70028B936 /* UIImage+JMUIChatting.m in Sources */ = {isa = PBXBuildFile; fileRef = 62C02CD91C4627F70028B936 /* UIImage+JMUIChatting.m */; };
		62C02CE11C46293C0028B936 /* JMUISendMsgController.h in Headers */ = {isa = PBXBuildFile; fileRef = 62C02CDD1C46293C0028B936 /* JMUISendMsgController.h */; };
		62C02CE21C46293C0028B936 /* JMUISendMsgController.m in Sources */ = {isa = PBXBuildFile; fileRef = 62C02CDE1C46293C0028B936 /* JMUISendMsgController.m */; };
		62C02CE31C46293C0028B936 /* JMUISendMsgManager.h in Headers */ = {isa = PBXBuildFile; fileRef = 62C02CDF1C46293C0028B936 /* JMUISendMsgManager.h */; };
		62C02CE41C46293C0028B936 /* JMUISendMsgManager.m in Sources */ = {isa = PBXBuildFile; fileRef = 62C02CE01C46293C0028B936 /* JMUISendMsgManager.m */; };
		62C02CE71C4629950028B936 /* JMUIChattingReuseCellMaker.h in Headers */ = {isa = PBXBuildFile; fileRef = 62C02CE51C4629950028B936 /* JMUIChattingReuseCellMaker.h */; };
		62C02CE81C4629950028B936 /* JMUIChattingReuseCellMaker.m in Sources */ = {isa = PBXBuildFile; fileRef = 62C02CE61C4629950028B936 /* JMUIChattingReuseCellMaker.m */; };
		62EA7F101D0E80F000175A12 /* JMessage.framework in Frameworks */ = {isa = PBXBuildFile; fileRef = 62EA7F0F1D0E80F000175A12 /* JMessage.framework */; };
/* End PBXBuildFile section */

/* Begin PBXContainerItemProxy section */
		62317F411C9EFC6A0028FA22 /* PBXContainerItemProxy */ = {
			isa = PBXContainerItemProxy;
			containerPortal = 62C0283C1C3F979C0028B936 /* Project object */;
			proxyType = 1;
			remoteGlobalIDString = 62317EDB1C9EFBC90028FA22;
			remoteInfo = JMUIChattingKitResource;
		};
/* End PBXContainerItemProxy section */

/* Begin PBXFileReference section */
		62317EDC1C9EFBC90028FA22 /* JMUIChattingKitResource.bundle */ = {isa = PBXFileReference; explicitFileType = wrapper.cfbundle; includeInIndex = 0; path = JMUIChattingKitResource.bundle; sourceTree = BUILT_PRODUCTS_DIR; };
		62317EDE1C9EFBC90028FA22 /* Info.plist */ = {isa = PBXFileReference; lastKnownFileType = text.plist.xml; path = Info.plist; sourceTree = "<group>"; };
		62317EE51C9EFC5C0028FA22 /* add01_pre@2x.png */ = {isa = PBXFileReference; lastKnownFileType = image.png; path = "add01_pre@2x.png"; sourceTree = "<group>"; };
		62317EE61C9EFC5C0028FA22 /* add01_pre@3x.png */ = {isa = PBXFileReference; lastKnownFileType = image.png; path = "add01_pre@3x.png"; sourceTree = "<group>"; };
		62317EE71C9EFC5C0028FA22 /* add01@2x.png */ = {isa = PBXFileReference; lastKnownFileType = image.png; path = "add01@2x.png"; sourceTree = "<group>"; };
		62317EE81C9EFC5C0028FA22 /* add01@3x.png */ = {isa = PBXFileReference; lastKnownFileType = image.png; path = "add01@3x.png"; sourceTree = "<group>"; };
		62317EE91C9EFC5C0028FA22 /* addMan@2x.png */ = {isa = PBXFileReference; lastKnownFileType = image.png; path = "addMan@2x.png"; sourceTree = "<group>"; };
		62317EEA1C9EFC5C0028FA22 /* addMan@3x.png */ = {isa = PBXFileReference; lastKnownFileType = image.png; path = "addMan@3x.png"; sourceTree = "<group>"; };
		62317EEB1C9EFC5C0028FA22 /* camera_35@2x.png */ = {isa = PBXFileReference; lastKnownFileType = image.png; path = "camera_35@2x.png"; sourceTree = "<group>"; };
		62317EEC1C9EFC5C0028FA22 /* camera_35@3x.png */ = {isa = PBXFileReference; lastKnownFileType = image.png; path = "camera_35@3x.png"; sourceTree = "<group>"; };
		62317EED1C9EFC5C0028FA22 /* chat_voice@2x.png */ = {isa = PBXFileReference; lastKnownFileType = image.png; path = "chat_voice@2x.png"; sourceTree = "<group>"; };
		62317EEE1C9EFC5C0028FA22 /* deleteMan@2x.png */ = {isa = PBXFileReference; lastKnownFileType = image.png; path = "deleteMan@2x.png"; sourceTree = "<group>"; };
		62317EEF1C9EFC5C0028FA22 /* deleteMan@3x.png */ = {isa = PBXFileReference; lastKnownFileType = image.png; path = "deleteMan@3x.png"; sourceTree = "<group>"; };
		62317EF01C9EFC5C0028FA22 /* headDefalt@2x.png */ = {isa = PBXFileReference; lastKnownFileType = image.png; path = "headDefalt@2x.png"; sourceTree = "<group>"; };
		62317EF11C9EFC5C0028FA22 /* headDefalt@3x.png */ = {isa = PBXFileReference; lastKnownFileType = image.png; path = "headDefalt@3x.png"; sourceTree = "<group>"; };
		62317EF21C9EFC5C0028FA22 /* keyboard_toolbar_pre@2x.png */ = {isa = PBXFileReference; lastKnownFileType = image.png; path = "keyboard_toolbar_pre@2x.png"; sourceTree = "<group>"; };
		62317EF31C9EFC5C0028FA22 /* keyboard_toolbar_pre@3x.png */ = {isa = PBXFileReference; lastKnownFileType = image.png; path = "keyboard_toolbar_pre@3x.png"; sourceTree = "<group>"; };
		62317EF41C9EFC5C0028FA22 /* keyboard_toolbar@2x.png */ = {isa = PBXFileReference; lastKnownFileType = image.png; path = "keyboard_toolbar@2x.png"; sourceTree = "<group>"; };
		62317EF51C9EFC5C0028FA22 /* keyboard_toolbar@3x.png */ = {isa = PBXFileReference; lastKnownFileType = image.png; path = "keyboard_toolbar@3x.png"; sourceTree = "<group>"; };
		62317EF61C9EFC5C0028FA22 /* mychatBg@2x.png */ = {isa = PBXFileReference; lastKnownFileType = image.png; path = "mychatBg@2x.png"; sourceTree = "<group>"; };
		62317EF71C9EFC5C0028FA22 /* otherChatBg@2x.png */ = {isa = PBXFileReference; lastKnownFileType = image.png; path = "otherChatBg@2x.png"; sourceTree = "<group>"; };
		62317EF81C9EFC5C0028FA22 /* photo_24@2x.png */ = {isa = PBXFileReference; lastKnownFileType = image.png; path = "photo_24@2x.png"; sourceTree = "<group>"; };
		62317EF91C9EFC5C0028FA22 /* photo_24@3x.png */ = {isa = PBXFileReference; lastKnownFileType = image.png; path = "photo_24@3x.png"; sourceTree = "<group>"; };
		62317EFA1C9EFC5C0028FA22 /* ReceiverVoiceNodePlaying@2x.png */ = {isa = PBXFileReference; lastKnownFileType = image.png; path = "ReceiverVoiceNodePlaying@2x.png"; sourceTree = "<group>"; };
		62317EFB1C9EFC5C0028FA22 /* ReceiverVoiceNodePlaying001@2x.png */ = {isa = PBXFileReference; lastKnownFileType = image.png; path = "ReceiverVoiceNodePlaying001@2x.png"; sourceTree = "<group>"; };
		62317EFC1C9EFC5C0028FA22 /* ReceiverVoiceNodePlaying002@2x.png */ = {isa = PBXFileReference; lastKnownFileType = image.png; path = "ReceiverVoiceNodePlaying002@2x.png"; sourceTree = "<group>"; };
		62317EFD1C9EFC5C0028FA22 /* ReceiverVoiceNodePlaying003@2x.png */ = {isa = PBXFileReference; lastKnownFileType = image.png; path = "ReceiverVoiceNodePlaying003@2x.png"; sourceTree = "<group>"; };
		62317EFE1C9EFC5C0028FA22 /* RecordCancel@2x.png */ = {isa = PBXFileReference; lastKnownFileType = image.png; path = "RecordCancel@2x.png"; sourceTree = "<group>"; };
		62317EFF1C9EFC5C0028FA22 /* RecordingBkg@2x.png */ = {isa = PBXFileReference; lastKnownFileType = image.png; path = "RecordingBkg@2x.png"; sourceTree = "<group>"; };
		62317F001C9EFC5C0028FA22 /* RecordingBkg@3x.png */ = {isa = PBXFileReference; lastKnownFileType = image.png; path = "RecordingBkg@3x.png"; sourceTree = "<group>"; };
		62317F011C9EFC5C0028FA22 /* RecordingSignal000@2x.png */ = {isa = PBXFileReference; lastKnownFileType = image.png; path = "RecordingSignal000@2x.png"; sourceTree = "<group>"; };
		62317F021C9EFC5C0028FA22 /* RecordingSignal001@2x.png */ = {isa = PBXFileReference; lastKnownFileType = image.png; path = "RecordingSignal001@2x.png"; sourceTree = "<group>"; };
		62317F031C9EFC5C0028FA22 /* RecordingSignal002@2x.png */ = {isa = PBXFileReference; lastKnownFileType = image.png; path = "RecordingSignal002@2x.png"; sourceTree = "<group>"; };
		62317F041C9EFC5C0028FA22 /* RecordingSignal003@2x.png */ = {isa = PBXFileReference; lastKnownFileType = image.png; path = "RecordingSignal003@2x.png"; sourceTree = "<group>"; };
		62317F051C9EFC5C0028FA22 /* RecordingSignal004@2x.png */ = {isa = PBXFileReference; lastKnownFileType = image.png; path = "RecordingSignal004@2x.png"; sourceTree = "<group>"; };
		62317F061C9EFC5C0028FA22 /* RecordingSignal005@2x.png */ = {isa = PBXFileReference; lastKnownFileType = image.png; path = "RecordingSignal005@2x.png"; sourceTree = "<group>"; };
		62317F071C9EFC5C0028FA22 /* RecordingSignal006@2x.png */ = {isa = PBXFileReference; lastKnownFileType = image.png; path = "RecordingSignal006@2x.png"; sourceTree = "<group>"; };
		62317F081C9EFC5C0028FA22 /* RecordingSignal007@2x.png */ = {isa = PBXFileReference; lastKnownFileType = image.png; path = "RecordingSignal007@2x.png"; sourceTree = "<group>"; };
		62317F091C9EFC5C0028FA22 /* RecordingSignal008@2x.png */ = {isa = PBXFileReference; lastKnownFileType = image.png; path = "RecordingSignal008@2x.png"; sourceTree = "<group>"; };
		62317F0A1C9EFC5C0028FA22 /* SenderVoiceNodePlaying@2x.png */ = {isa = PBXFileReference; lastKnownFileType = image.png; path = "SenderVoiceNodePlaying@2x.png"; sourceTree = "<group>"; };
		62317F0B1C9EFC5C0028FA22 /* SenderVoiceNodePlaying001@2x.png */ = {isa = PBXFileReference; lastKnownFileType = image.png; path = "SenderVoiceNodePlaying001@2x.png"; sourceTree = "<group>"; };
		62317F0C1C9EFC5C0028FA22 /* SenderVoiceNodePlaying002@2x.png */ = {isa = PBXFileReference; lastKnownFileType = image.png; path = "SenderVoiceNodePlaying002@2x.png"; sourceTree = "<group>"; };
		62317F0D1C9EFC5C0028FA22 /* SenderVoiceNodePlaying003@2x.png */ = {isa = PBXFileReference; lastKnownFileType = image.png; path = "SenderVoiceNodePlaying003@2x.png"; sourceTree = "<group>"; };
		62317F0E1C9EFC5C0028FA22 /* voice_delete@2x.png */ = {isa = PBXFileReference; lastKnownFileType = image.png; path = "voice_delete@2x.png"; sourceTree = "<group>"; };
		62317F0F1C9EFC5C0028FA22 /* voice_toolbar_pre@2x.png */ = {isa = PBXFileReference; lastKnownFileType = image.png; path = "voice_toolbar_pre@2x.png"; sourceTree = "<group>"; };
		62317F101C9EFC5C0028FA22 /* voice_toolbar_pre@3x.png */ = {isa = PBXFileReference; lastKnownFileType = image.png; path = "voice_toolbar_pre@3x.png"; sourceTree = "<group>"; };
		62317F111C9EFC5C0028FA22 /* voice_toolbar@2x.png */ = {isa = PBXFileReference; lastKnownFileType = image.png; path = "voice_toolbar@2x.png"; sourceTree = "<group>"; };
		62317F121C9EFC5C0028FA22 /* voice_toolbar@3x.png */ = {isa = PBXFileReference; lastKnownFileType = image.png; path = "voice_toolbar@3x.png"; sourceTree = "<group>"; };
		623BBAE41E4AC8E400186A4D /* UIImage+ResizeMagick.m */ = {isa = PBXFileReference; fileEncoding = 4; lastKnownFileType = sourcecode.c.objc; path = "UIImage+ResizeMagick.m"; sourceTree = "<group>"; };
		623BBAE51E4AC8E400186A4D /* UIImage+ResizeMagick.h */ = {isa = PBXFileReference; fileEncoding = 4; lastKnownFileType = sourcecode.c.h; path = "UIImage+ResizeMagick.h"; sourceTree = "<group>"; };
		623BBC1B1E4C374900186A4D /* JMUIMessageTableView.h */ = {isa = PBXFileReference; fileEncoding = 4; lastKnownFileType = sourcecode.c.h; path = JMUIMessageTableView.h; sourceTree = "<group>"; };
		623BBC1C1E4C374900186A4D /* JMUIMessageTableView.m */ = {isa = PBXFileReference; fileEncoding = 4; lastKnownFileType = sourcecode.c.objc; path = JMUIMessageTableView.m; sourceTree = "<group>"; };
		62C028451C3F979C0028B936 /* JMUIChattingKit.framework */ = {isa = PBXFileReference; explicitFileType = wrapper.framework; includeInIndex = 0; path = JMUIChattingKit.framework; sourceTree = BUILT_PRODUCTS_DIR; };
		62C028481C3F979C0028B936 /* JMUIChattingKit.h */ = {isa = PBXFileReference; lastKnownFileType = sourcecode.c.h; path = JMUIChattingKit.h; sourceTree = "<group>"; };
		62C0284A1C3F979C0028B936 /* Info.plist */ = {isa = PBXFileReference; lastKnownFileType = text.plist.xml; path = Info.plist; sourceTree = "<group>"; };
		62C028541C3F979C0028B936 /* JMUIChattingKitTests.m */ = {isa = PBXFileReference; lastKnownFileType = sourcecode.c.objc; path = JMUIChattingKitTests.m; sourceTree = "<group>"; };
		62C028561C3F979C0028B936 /* Info.plist */ = {isa = PBXFileReference; lastKnownFileType = text.plist.xml; path = Info.plist; sourceTree = "<group>"; };
		62C0287B1C3F97B40028B936 /* JMUIChattingViewController.h */ = {isa = PBXFileReference; fileEncoding = 4; lastKnownFileType = sourcecode.c.h; path = JMUIChattingViewController.h; sourceTree = "<group>"; };
		62C0287C1C3F97B40028B936 /* JMUIChattingViewController.m */ = {isa = PBXFileReference; fileEncoding = 4; lastKnownFileType = sourcecode.c.objc; path = JMUIChattingViewController.m; sourceTree = "<group>"; };
		62C0287D1C3F97B40028B936 /* JMUIChattingDatasource.h */ = {isa = PBXFileReference; fileEncoding = 4; lastKnownFileType = sourcecode.c.h; path = JMUIChattingDatasource.h; sourceTree = "<group>"; };
		62C0287E1C3F97B40028B936 /* JMUIChattingDatasource.m */ = {isa = PBXFileReference; fileEncoding = 4; lastKnownFileType = sourcecode.c.objc; path = JMUIChattingDatasource.m; sourceTree = "<group>"; };
		62C0287F1C3F97B40028B936 /* JMUIChattingLayout.h */ = {isa = PBXFileReference; fileEncoding = 4; lastKnownFileType = sourcecode.c.h; path = JMUIChattingLayout.h; sourceTree = "<group>"; };
		62C028801C3F97B40028B936 /* JMUIChattingLayout.m */ = {isa = PBXFileReference; fileEncoding = 4; lastKnownFileType = sourcecode.c.objc; path = JMUIChattingLayout.m; sourceTree = "<group>"; };
		62C028821C3F97B40028B936 /* JMUIChatModel.h */ = {isa = PBXFileReference; fileEncoding = 4; lastKnownFileType = sourcecode.c.h; path = JMUIChatModel.h; sourceTree = "<group>"; };
		62C028831C3F97B40028B936 /* JMUIChatModel.m */ = {isa = PBXFileReference; fileEncoding = 4; lastKnownFileType = sourcecode.c.objc; path = JMUIChatModel.m; sourceTree = "<group>"; };
		62C028851C3F97B40028B936 /* JMUIMessageContentView.h */ = {isa = PBXFileReference; fileEncoding = 4; lastKnownFileType = sourcecode.c.h; path = JMUIMessageContentView.h; sourceTree = "<group>"; };
		62C028861C3F97B40028B936 /* JMUIMessageContentView.m */ = {isa = PBXFileReference; fileEncoding = 4; lastKnownFileType = sourcecode.c.objc; path = JMUIMessageContentView.m; sourceTree = "<group>"; };
		62C028881C3F97B40028B936 /* JMUILoadMessageTableViewCell.h */ = {isa = PBXFileReference; fileEncoding = 4; lastKnownFileType = sourcecode.c.h; path = JMUILoadMessageTableViewCell.h; sourceTree = "<group>"; };
		62C028891C3F97B40028B936 /* JMUILoadMessageTableViewCell.m */ = {isa = PBXFileReference; fileEncoding = 4; lastKnownFileType = sourcecode.c.objc; path = JMUILoadMessageTableViewCell.m; sourceTree = "<group>"; };
		62C0288A1C3F97B40028B936 /* JMUIMessageTableViewCell.h */ = {isa = PBXFileReference; fileEncoding = 4; lastKnownFileType = sourcecode.c.h; path = JMUIMessageTableViewCell.h; sourceTree = "<group>"; };
		62C0288B1C3F97B40028B936 /* JMUIMessageTableViewCell.m */ = {isa = PBXFileReference; fileEncoding = 4; lastKnownFileType = sourcecode.c.objc; path = JMUIMessageTableViewCell.m; sourceTree = "<group>"; };
		62C0288C1C3F97B40028B936 /* JMUIShowTimeCell.h */ = {isa = PBXFileReference; fileEncoding = 4; lastKnownFileType = sourcecode.c.h; path = JMUIShowTimeCell.h; sourceTree = "<group>"; };
		62C0288D1C3F97B40028B936 /* JMUIShowTimeCell.m */ = {isa = PBXFileReference; fileEncoding = 4; lastKnownFileType = sourcecode.c.objc; path = JMUIShowTimeCell.m; sourceTree = "<group>"; };
		62C0288E1C3F97B40028B936 /* JMUIShowTimeCell.xib */ = {isa = PBXFileReference; fileEncoding = 4; lastKnownFileType = file.xib; path = JMUIShowTimeCell.xib; sourceTree = "<group>"; };
		62C028A41C3F97B40028B936 /* JMUIAudioPlayerHelper.h */ = {isa = PBXFileReference; fileEncoding = 4; lastKnownFileType = sourcecode.c.h; path = JMUIAudioPlayerHelper.h; sourceTree = "<group>"; };
		62C028A51C3F97B40028B936 /* JMUIAudioPlayerHelper.m */ = {isa = PBXFileReference; fileEncoding = 4; lastKnownFileType = sourcecode.c.objc; path = JMUIAudioPlayerHelper.m; sourceTree = "<group>"; };
		62C028A61C3F97B40028B936 /* JMUIInputToolbar.h */ = {isa = PBXFileReference; fileEncoding = 4; lastKnownFileType = sourcecode.c.h; path = JMUIInputToolbar.h; sourceTree = "<group>"; };
		62C028A71C3F97B40028B936 /* JMUIInputToolbar.m */ = {isa = PBXFileReference; fileEncoding = 4; lastKnownFileType = sourcecode.c.objc; path = JMUIInputToolbar.m; sourceTree = "<group>"; };
		62C028A81C3F97B40028B936 /* JMUIInputToolbar.xib */ = {isa = PBXFileReference; fileEncoding = 4; lastKnownFileType = file.xib; path = JMUIInputToolbar.xib; sourceTree = "<group>"; };
		62C028A91C3F97B40028B936 /* JMUIInputView.h */ = {isa = PBXFileReference; fileEncoding = 4; lastKnownFileType = sourcecode.c.h; path = JMUIInputView.h; sourceTree = "<group>"; };
		62C028AA1C3F97B40028B936 /* JMUIInputView.m */ = {isa = PBXFileReference; fileEncoding = 4; lastKnownFileType = sourcecode.c.objc; path = JMUIInputView.m; sourceTree = "<group>"; };
		62C028AB1C3F97B40028B936 /* JMUIMessageTextView.h */ = {isa = PBXFileReference; fileEncoding = 4; lastKnownFileType = sourcecode.c.h; path = JMUIMessageTextView.h; sourceTree = "<group>"; };
		62C028AC1C3F97B40028B936 /* JMUIMessageTextView.m */ = {isa = PBXFileReference; fileEncoding = 4; lastKnownFileType = sourcecode.c.objc; path = JMUIMessageTextView.m; sourceTree = "<group>"; };
		62C028AD1C3F97B40028B936 /* JMUIMoreView.h */ = {isa = PBXFileReference; fileEncoding = 4; lastKnownFileType = sourcecode.c.h; path = JMUIMoreView.h; sourceTree = "<group>"; };
		62C028AE1C3F97B40028B936 /* JMUIMoreView.m */ = {isa = PBXFileReference; fileEncoding = 4; lastKnownFileType = sourcecode.c.objc; path = JMUIMoreView.m; sourceTree = "<group>"; };
		62C028AF1C3F97B40028B936 /* JMUIMoreView.xib */ = {isa = PBXFileReference; fileEncoding = 4; lastKnownFileType = file.xib; path = JMUIMoreView.xib; sourceTree = "<group>"; };
		62C028B01C3F97B40028B936 /* JMUIRecordAnimationView.h */ = {isa = PBXFileReference; fileEncoding = 4; lastKnownFileType = sourcecode.c.h; path = JMUIRecordAnimationView.h; sourceTree = "<group>"; };
		62C028B11C3F97B40028B936 /* JMUIRecordAnimationView.m */ = {isa = PBXFileReference; fileEncoding = 4; lastKnownFileType = sourcecode.c.objc; path = JMUIRecordAnimationView.m; sourceTree = "<group>"; };
		62C028B21C3F97B40028B936 /* JMUIChattingKitResource.bundle */ = {isa = PBXFileReference; lastKnownFileType = "wrapper.plug-in"; path = JMUIChattingKitResource.bundle; sourceTree = "<group>"; };
		62C028F81C3F9A910028B936 /* Foundation.framework */ = {isa = PBXFileReference; lastKnownFileType = wrapper.framework; name = Foundation.framework; path = System/Library/Frameworks/Foundation.framework; sourceTree = SDKROOT; };
		62C028FA1C3F9A9B0028B936 /* libz.tbd */ = {isa = PBXFileReference; lastKnownFileType = "sourcecode.text-based-dylib-definition"; name = libz.tbd; path = usr/lib/libz.tbd; sourceTree = SDKROOT; };
		62C028FC1C3F9AA00028B936 /* Security.framework */ = {isa = PBXFileReference; lastKnownFileType = wrapper.framework; name = Security.framework; path = System/Library/Frameworks/Security.framework; sourceTree = SDKROOT; };
		62C028FE1C3F9AAC0028B936 /* CoreAudio.framework */ = {isa = PBXFileReference; lastKnownFileType = wrapper.framework; name = CoreAudio.framework; path = System/Library/Frameworks/CoreAudio.framework; sourceTree = SDKROOT; };
		62C029001C3F9ABA0028B936 /* libsqlite3.tbd */ = {isa = PBXFileReference; lastKnownFileType = "sourcecode.text-based-dylib-definition"; name = libsqlite3.tbd; path = usr/lib/libsqlite3.tbd; sourceTree = SDKROOT; };
		62C029021C3F9ACE0028B936 /* AVFoundation.framework */ = {isa = PBXFileReference; lastKnownFileType = wrapper.framework; name = AVFoundation.framework; path = System/Library/Frameworks/AVFoundation.framework; sourceTree = SDKROOT; };
		62C029041C3F9AD40028B936 /* CFNetwork.framework */ = {isa = PBXFileReference; lastKnownFileType = wrapper.framework; name = CFNetwork.framework; path = System/Library/Frameworks/CFNetwork.framework; sourceTree = SDKROOT; };
		62C029061C3F9ADB0028B936 /* CoreGraphics.framework */ = {isa = PBXFileReference; lastKnownFileType = wrapper.framework; name = CoreGraphics.framework; path = System/Library/Frameworks/CoreGraphics.framework; sourceTree = SDKROOT; };
		62C029081C3F9AE50028B936 /* CoreFoundation.framework */ = {isa = PBXFileReference; lastKnownFileType = wrapper.framework; name = CoreFoundation.framework; path = System/Library/Frameworks/CoreFoundation.framework; sourceTree = SDKROOT; };
		62C0290A1C3F9AED0028B936 /* CoreLocation.framework */ = {isa = PBXFileReference; lastKnownFileType = wrapper.framework; name = CoreLocation.framework; path = System/Library/Frameworks/CoreLocation.framework; sourceTree = SDKROOT; };
		62C0290C1C3F9B060028B936 /* SystemConfiguration.framework */ = {isa = PBXFileReference; lastKnownFileType = wrapper.framework; name = SystemConfiguration.framework; path = System/Library/Frameworks/SystemConfiguration.framework; sourceTree = SDKROOT; };
		62C0290E1C3F9B310028B936 /* AudioToolbox.framework */ = {isa = PBXFileReference; lastKnownFileType = wrapper.framework; name = AudioToolbox.framework; path = System/Library/Frameworks/AudioToolbox.framework; sourceTree = SDKROOT; };
		62C029101C3F9B370028B936 /* CoreTelephony.framework */ = {isa = PBXFileReference; lastKnownFileType = wrapper.framework; name = CoreTelephony.framework; path = System/Library/Frameworks/CoreTelephony.framework; sourceTree = SDKROOT; };
		62C029121C3F9B3C0028B936 /* Accelerate.framework */ = {isa = PBXFileReference; lastKnownFileType = wrapper.framework; name = Accelerate.framework; path = System/Library/Frameworks/Accelerate.framework; sourceTree = SDKROOT; };
		62C029141C3F9B430028B936 /* Photos.framework */ = {isa = PBXFileReference; lastKnownFileType = wrapper.framework; name = Photos.framework; path = System/Library/Frameworks/Photos.framework; sourceTree = SDKROOT; };
		62C02CC11C45F7CE0028B936 /* JMUICommon.framework */ = {isa = PBXFileReference; lastKnownFileType = wrapper.framework; path = JMUICommon.framework; sourceTree = "<group>"; };
		62C02CD81C4627F70028B936 /* UIImage+JMUIChatting.h */ = {isa = PBXFileReference; fileEncoding = 4; lastKnownFileType = sourcecode.c.h; path = "UIImage+JMUIChatting.h"; sourceTree = "<group>"; };
		62C02CD91C4627F70028B936 /* UIImage+JMUIChatting.m */ = {isa = PBXFileReference; fileEncoding = 4; lastKnownFileType = sourcecode.c.objc; path = "UIImage+JMUIChatting.m"; sourceTree = "<group>"; };
		62C02CDD1C46293C0028B936 /* JMUISendMsgController.h */ = {isa = PBXFileReference; fileEncoding = 4; lastKnownFileType = sourcecode.c.h; path = JMUISendMsgController.h; sourceTree = "<group>"; };
		62C02CDE1C46293C0028B936 /* JMUISendMsgController.m */ = {isa = PBXFileReference; fileEncoding = 4; lastKnownFileType = sourcecode.c.objc; path = JMUISendMsgController.m; sourceTree = "<group>"; };
		62C02CDF1C46293C0028B936 /* JMUISendMsgManager.h */ = {isa = PBXFileReference; fileEncoding = 4; lastKnownFileType = sourcecode.c.h; path = JMUISendMsgManager.h; sourceTree = "<group>"; };
		62C02CE01C46293C0028B936 /* JMUISendMsgManager.m */ = {isa = PBXFileReference; fileEncoding = 4; lastKnownFileType = sourcecode.c.objc; path = JMUISendMsgManager.m; sourceTree = "<group>"; };
		62C02CE51C4629950028B936 /* JMUIChattingReuseCellMaker.h */ = {isa = PBXFileReference; fileEncoding = 4; lastKnownFileType = sourcecode.c.h; path = JMUIChattingReuseCellMaker.h; sourceTree = "<group>"; };
		62C02CE61C4629950028B936 /* JMUIChattingReuseCellMaker.m */ = {isa = PBXFileReference; fileEncoding = 4; lastKnownFileType = sourcecode.c.objc; path = JMUIChattingReuseCellMaker.m; sourceTree = "<group>"; };
		62EA7F0F1D0E80F000175A12 /* JMessage.framework */ = {isa = PBXFileReference; lastKnownFileType = wrapper.framework; name = JMessage.framework; path = ../../../JMessage.framework; sourceTree = "<group>"; };
/* End PBXFileReference section */

/* Begin PBXFrameworksBuildPhase section */
		62317ED91C9EFBC90028FA22 /* Frameworks */ = {
			isa = PBXFrameworksBuildPhase;
			buildActionMask = 2147483647;
			files = (
			);
			runOnlyForDeploymentPostprocessing = 0;
		};
		62C028411C3F979C0028B936 /* Frameworks */ = {
			isa = PBXFrameworksBuildPhase;
			buildActionMask = 2147483647;
			files = (
				62C029151C3F9B430028B936 /* Photos.framework in Frameworks */,
				62C029131C3F9B3C0028B936 /* Accelerate.framework in Frameworks */,
				62C029111C3F9B370028B936 /* CoreTelephony.framework in Frameworks */,
				62C0290F1C3F9B310028B936 /* AudioToolbox.framework in Frameworks */,
				62C02CC21C45F7CE0028B936 /* JMUICommon.framework in Frameworks */,
				62C0290D1C3F9B060028B936 /* SystemConfiguration.framework in Frameworks */,
				62C0290B1C3F9AED0028B936 /* CoreLocation.framework in Frameworks */,
				62C029091C3F9AE50028B936 /* CoreFoundation.framework in Frameworks */,
				62C029071C3F9ADB0028B936 /* CoreGraphics.framework in Frameworks */,
				62C029051C3F9AD40028B936 /* CFNetwork.framework in Frameworks */,
				62C029031C3F9ACE0028B936 /* AVFoundation.framework in Frameworks */,
				62C028FF1C3F9AAC0028B936 /* CoreAudio.framework in Frameworks */,
				62C028FD1C3F9AA00028B936 /* Security.framework in Frameworks */,
				62EA7F101D0E80F000175A12 /* JMessage.framework in Frameworks */,
				62C028F91C3F9A910028B936 /* Foundation.framework in Frameworks */,
			);
			runOnlyForDeploymentPostprocessing = 0;
		};
/* End PBXFrameworksBuildPhase section */

/* Begin PBXGroup section */
		62317EDD1C9EFBC90028FA22 /* JMUIChattingKitResource */ = {
			isa = PBXGroup;
			children = (
				62317EE51C9EFC5C0028FA22 /* add01_pre@2x.png */,
				62317EE61C9EFC5C0028FA22 /* add01_pre@3x.png */,
				62317EE71C9EFC5C0028FA22 /* add01@2x.png */,
				62317EE81C9EFC5C0028FA22 /* add01@3x.png */,
				62317EE91C9EFC5C0028FA22 /* addMan@2x.png */,
				62317EEA1C9EFC5C0028FA22 /* addMan@3x.png */,
				62317EEB1C9EFC5C0028FA22 /* camera_35@2x.png */,
				62317EEC1C9EFC5C0028FA22 /* camera_35@3x.png */,
				62317EED1C9EFC5C0028FA22 /* chat_voice@2x.png */,
				62317EEE1C9EFC5C0028FA22 /* deleteMan@2x.png */,
				62317EEF1C9EFC5C0028FA22 /* deleteMan@3x.png */,
				62317EF01C9EFC5C0028FA22 /* headDefalt@2x.png */,
				62317EF11C9EFC5C0028FA22 /* headDefalt@3x.png */,
				62317EF21C9EFC5C0028FA22 /* keyboard_toolbar_pre@2x.png */,
				62317EF31C9EFC5C0028FA22 /* keyboard_toolbar_pre@3x.png */,
				62317EF41C9EFC5C0028FA22 /* keyboard_toolbar@2x.png */,
				62317EF51C9EFC5C0028FA22 /* keyboard_toolbar@3x.png */,
				62317EF61C9EFC5C0028FA22 /* mychatBg@2x.png */,
				62317EF71C9EFC5C0028FA22 /* otherChatBg@2x.png */,
				62317EF81C9EFC5C0028FA22 /* photo_24@2x.png */,
				62317EF91C9EFC5C0028FA22 /* photo_24@3x.png */,
				62317EFA1C9EFC5C0028FA22 /* ReceiverVoiceNodePlaying@2x.png */,
				62317EFB1C9EFC5C0028FA22 /* ReceiverVoiceNodePlaying001@2x.png */,
				62317EFC1C9EFC5C0028FA22 /* ReceiverVoiceNodePlaying002@2x.png */,
				62317EFD1C9EFC5C0028FA22 /* ReceiverVoiceNodePlaying003@2x.png */,
				62317EFE1C9EFC5C0028FA22 /* RecordCancel@2x.png */,
				62317EFF1C9EFC5C0028FA22 /* RecordingBkg@2x.png */,
				62317F001C9EFC5C0028FA22 /* RecordingBkg@3x.png */,
				62317F011C9EFC5C0028FA22 /* RecordingSignal000@2x.png */,
				62317F021C9EFC5C0028FA22 /* RecordingSignal001@2x.png */,
				62317F031C9EFC5C0028FA22 /* RecordingSignal002@2x.png */,
				62317F041C9EFC5C0028FA22 /* RecordingSignal003@2x.png */,
				62317F051C9EFC5C0028FA22 /* RecordingSignal004@2x.png */,
				62317F061C9EFC5C0028FA22 /* RecordingSignal005@2x.png */,
				62317F071C9EFC5C0028FA22 /* RecordingSignal006@2x.png */,
				62317F081C9EFC5C0028FA22 /* RecordingSignal007@2x.png */,
				62317F091C9EFC5C0028FA22 /* RecordingSignal008@2x.png */,
				62317F0A1C9EFC5C0028FA22 /* SenderVoiceNodePlaying@2x.png */,
				62317F0B1C9EFC5C0028FA22 /* SenderVoiceNodePlaying001@2x.png */,
				62317F0C1C9EFC5C0028FA22 /* SenderVoiceNodePlaying002@2x.png */,
				62317F0D1C9EFC5C0028FA22 /* SenderVoiceNodePlaying003@2x.png */,
				62317F0E1C9EFC5C0028FA22 /* voice_delete@2x.png */,
				62317F0F1C9EFC5C0028FA22 /* voice_toolbar_pre@2x.png */,
				62317F101C9EFC5C0028FA22 /* voice_toolbar_pre@3x.png */,
				62317F111C9EFC5C0028FA22 /* voice_toolbar@2x.png */,
				62317F121C9EFC5C0028FA22 /* voice_toolbar@3x.png */,
				62317EDE1C9EFBC90028FA22 /* Info.plist */,
			);
			path = JMUIChattingKitResource;
			sourceTree = "<group>";
		};
		62C0283B1C3F979C0028B936 = {
			isa = PBXGroup;
			children = (
				62C028471C3F979C0028B936 /* JMUIChattingKit */,
				62C028531C3F979C0028B936 /* JMUIChattingKitTests */,
				62317EDD1C9EFBC90028FA22 /* JMUIChattingKitResource */,
				62C028461C3F979C0028B936 /* Products */,
			);
			sourceTree = "<group>";
		};
		62C028461C3F979C0028B936 /* Products */ = {
			isa = PBXGroup;
			children = (
				62C028451C3F979C0028B936 /* JMUIChattingKit.framework */,
				62317EDC1C9EFBC90028FA22 /* JMUIChattingKitResource.bundle */,
			);
			name = Products;
			sourceTree = "<group>";
		};
		62C028471C3F979C0028B936 /* JMUIChattingKit */ = {
			isa = PBXGroup;
			children = (
				62C028481C3F979C0028B936 /* JMUIChattingKit.h */,
				62C028781C3F97B40028B936 /* Conversation */,
				62C0288F1C3F97B40028B936 /* Externals */,
				62C028A31C3F97B40028B936 /* Input */,
				62C028A11C3F97B40028B936 /* Framework */,
				62C02CD71C4627D10028B936 /* Category */,
				62C028B21C3F97B40028B936 /* JMUIChattingKitResource.bundle */,
				62C0284A1C3F979C0028B936 /* Info.plist */,
			);
			path = JMUIChattingKit;
			sourceTree = "<group>";
		};
		62C028531C3F979C0028B936 /* JMUIChattingKitTests */ = {
			isa = PBXGroup;
			children = (
				62C028541C3F979C0028B936 /* JMUIChattingKitTests.m */,
				62C028561C3F979C0028B936 /* Info.plist */,
			);
			path = JMUIChattingKitTests;
			sourceTree = "<group>";
		};
		62C028781C3F97B40028B936 /* Conversation */ = {
			isa = PBXGroup;
			children = (
				62C028791C3F97B40028B936 /* Config */,
				62C0287A1C3F97B40028B936 /* Controller */,
				62C0287D1C3F97B40028B936 /* JMUIChattingDatasource.h */,
				62C0287E1C3F97B40028B936 /* JMUIChattingDatasource.m */,
				62C0287F1C3F97B40028B936 /* JMUIChattingLayout.h */,
				62C028801C3F97B40028B936 /* JMUIChattingLayout.m */,
				62C028811C3F97B40028B936 /* Model */,
				62C028841C3F97B40028B936 /* View */,
			);
			path = Conversation;
			sourceTree = "<group>";
		};
		62C028791C3F97B40028B936 /* Config */ = {
			isa = PBXGroup;
			children = (
			);
			path = Config;
			sourceTree = "<group>";
		};
		62C0287A1C3F97B40028B936 /* Controller */ = {
			isa = PBXGroup;
			children = (
				62C0287B1C3F97B40028B936 /* JMUIChattingViewController.h */,
				62C0287C1C3F97B40028B936 /* JMUIChattingViewController.m */,
			);
			path = Controller;
			sourceTree = "<group>";
		};
		62C028811C3F97B40028B936 /* Model */ = {
			isa = PBXGroup;
			children = (
				62C02CDD1C46293C0028B936 /* JMUISendMsgController.h */,
				62C02CDE1C46293C0028B936 /* JMUISendMsgController.m */,
				62C02CDF1C46293C0028B936 /* JMUISendMsgManager.h */,
				62C02CE01C46293C0028B936 /* JMUISendMsgManager.m */,
				62C028821C3F97B40028B936 /* JMUIChatModel.h */,
				62C028831C3F97B40028B936 /* JMUIChatModel.m */,
			);
			path = Model;
			sourceTree = "<group>";
		};
		62C028841C3F97B40028B936 /* View */ = {
			isa = PBXGroup;
			children = (
				623BBC1B1E4C374900186A4D /* JMUIMessageTableView.h */,
				623BBC1C1E4C374900186A4D /* JMUIMessageTableView.m */,
				62C02CE51C4629950028B936 /* JMUIChattingReuseCellMaker.h */,
				62C02CE61C4629950028B936 /* JMUIChattingReuseCellMaker.m */,
				62C028851C3F97B40028B936 /* JMUIMessageContentView.h */,
				62C028861C3F97B40028B936 /* JMUIMessageContentView.m */,
				62C028871C3F97B40028B936 /* tableViewCell */,
			);
			path = View;
			sourceTree = "<group>";
		};
		62C028871C3F97B40028B936 /* tableViewCell */ = {
			isa = PBXGroup;
			children = (
				62C028881C3F97B40028B936 /* JMUILoadMessageTableViewCell.h */,
				62C028891C3F97B40028B936 /* JMUILoadMessageTableViewCell.m */,
				62C0288A1C3F97B40028B936 /* JMUIMessageTableViewCell.h */,
				62C0288B1C3F97B40028B936 /* JMUIMessageTableViewCell.m */,
				62C0288C1C3F97B40028B936 /* JMUIShowTimeCell.h */,
				62C0288D1C3F97B40028B936 /* JMUIShowTimeCell.m */,
				62C0288E1C3F97B40028B936 /* JMUIShowTimeCell.xib */,
			);
			path = tableViewCell;
			sourceTree = "<group>";
		};
		62C0288F1C3F97B40028B936 /* Externals */ = {
			isa = PBXGroup;
			children = (
			);
			path = Externals;
			sourceTree = "<group>";
		};
		62C028A11C3F97B40028B936 /* Framework */ = {
			isa = PBXGroup;
			children = (
				62EA7F0F1D0E80F000175A12 /* JMessage.framework */,
				62C02CC11C45F7CE0028B936 /* JMUICommon.framework */,
				62C029141C3F9B430028B936 /* Photos.framework */,
				62C029121C3F9B3C0028B936 /* Accelerate.framework */,
				62C029101C3F9B370028B936 /* CoreTelephony.framework */,
				62C0290E1C3F9B310028B936 /* AudioToolbox.framework */,
				62C0290C1C3F9B060028B936 /* SystemConfiguration.framework */,
				62C0290A1C3F9AED0028B936 /* CoreLocation.framework */,
				62C029081C3F9AE50028B936 /* CoreFoundation.framework */,
				62C029061C3F9ADB0028B936 /* CoreGraphics.framework */,
				62C029041C3F9AD40028B936 /* CFNetwork.framework */,
				62C029021C3F9ACE0028B936 /* AVFoundation.framework */,
				62C029001C3F9ABA0028B936 /* libsqlite3.tbd */,
				62C028FE1C3F9AAC0028B936 /* CoreAudio.framework */,
				62C028FC1C3F9AA00028B936 /* Security.framework */,
				62C028FA1C3F9A9B0028B936 /* libz.tbd */,
				62C028F81C3F9A910028B936 /* Foundation.framework */,
			);
			path = Framework;
			sourceTree = "<group>";
		};
		62C028A31C3F97B40028B936 /* Input */ = {
			isa = PBXGroup;
			children = (
				62C028A41C3F97B40028B936 /* JMUIAudioPlayerHelper.h */,
				62C028A51C3F97B40028B936 /* JMUIAudioPlayerHelper.m */,
				62C028A61C3F97B40028B936 /* JMUIInputToolbar.h */,
				62C028A71C3F97B40028B936 /* JMUIInputToolbar.m */,
				62C028A81C3F97B40028B936 /* JMUIInputToolbar.xib */,
				62C028A91C3F97B40028B936 /* JMUIInputView.h */,
				62C028AA1C3F97B40028B936 /* JMUIInputView.m */,
				62C028AB1C3F97B40028B936 /* JMUIMessageTextView.h */,
				62C028AC1C3F97B40028B936 /* JMUIMessageTextView.m */,
				62C028AD1C3F97B40028B936 /* JMUIMoreView.h */,
				62C028AE1C3F97B40028B936 /* JMUIMoreView.m */,
				62C028AF1C3F97B40028B936 /* JMUIMoreView.xib */,
				62C028B01C3F97B40028B936 /* JMUIRecordAnimationView.h */,
				62C028B11C3F97B40028B936 /* JMUIRecordAnimationView.m */,
			);
			path = Input;
			sourceTree = "<group>";
		};
		62C02CD71C4627D10028B936 /* Category */ = {
			isa = PBXGroup;
			children = (
				62C02CD81C4627F70028B936 /* UIImage+JMUIChatting.h */,
				62C02CD91C4627F70028B936 /* UIImage+JMUIChatting.m */,
				623BBAE41E4AC8E400186A4D /* UIImage+ResizeMagick.m */,
				623BBAE51E4AC8E400186A4D /* UIImage+ResizeMagick.h */,
			);
			path = Category;
			sourceTree = "<group>";
		};
/* End PBXGroup section */

/* Begin PBXHeadersBuildPhase section */
		62C028421C3F979C0028B936 /* Headers */ = {
			isa = PBXHeadersBuildPhase;
			buildActionMask = 2147483647;
			files = (
				62C028C91C3F97B40028B936 /* JMUIChattingViewController.h in Headers */,
				62C029311C3FB4BD0028B936 /* JMUIInputToolbar.h in Headers */,
				62C029321C3FB4E70028B936 /* JMUIRecordAnimationView.h in Headers */,
				62C02CE71C4629950028B936 /* JMUIChattingReuseCellMaker.h in Headers */,
				62C029331C3FB50F0028B936 /* JMUIMessageTextView.h in Headers */,
				62C029351C3FB5290028B936 /* JMUIMoreView.h in Headers */,
				62C029361C3FB53E0028B936 /* JMUIInputView.h in Headers */,
				62C0293B1C3FB7CA0028B936 /* JMUIChattingDatasource.h in Headers */,
				62C02CE11C46293C0028B936 /* JMUISendMsgController.h in Headers */,
				62C02CDA1C4627F70028B936 /* UIImage+JMUIChatting.h in Headers */,
				62C02CE31C46293C0028B936 /* JMUISendMsgManager.h in Headers */,
				623BBC1D1E4C374900186A4D /* JMUIMessageTableView.h in Headers */,
				62719C1C1D585CF70078B18D /* JMUIAudioPlayerHelper.h in Headers */,
				623BBAE71E4AC8E400186A4D /* UIImage+ResizeMagick.h in Headers */,
				62C0295B1C4298250028B936 /* JMUIInputToolbar.xib in Headers */,
				62C0295C1C4298250028B936 /* JMUIMoreView.xib in Headers */,
				62C0295A1C4298110028B936 /* JMUIShowTimeCell.xib in Headers */,
				62C0295F1C429BB90028B936 /* JMUIChattingKitResource.bundle in Headers */,
			);
			runOnlyForDeploymentPostprocessing = 0;
		};
/* End PBXHeadersBuildPhase section */

/* Begin PBXNativeTarget section */
		62317EDB1C9EFBC90028FA22 /* JMUIChattingKitResource */ = {
			isa = PBXNativeTarget;
			buildConfigurationList = 62317EE11C9EFBC90028FA22 /* Build configuration list for PBXNativeTarget "JMUIChattingKitResource" */;
			buildPhases = (
				62317ED81C9EFBC90028FA22 /* Sources */,
				62317ED91C9EFBC90028FA22 /* Frameworks */,
				62317EDA1C9EFBC90028FA22 /* Resources */,
			);
			buildRules = (
			);
			dependencies = (
			);
			name = JMUIChattingKitResource;
			productName = JMUIChattingKitResource;
			productReference = 62317EDC1C9EFBC90028FA22 /* JMUIChattingKitResource.bundle */;
			productType = "com.apple.product-type.bundle";
		};
		62C028441C3F979C0028B936 /* JMUIChattingKit */ = {
			isa = PBXNativeTarget;
			buildConfigurationList = 62C028591C3F979C0028B936 /* Build configuration list for PBXNativeTarget "JMUIChattingKit" */;
			buildPhases = (
				62C028401C3F979C0028B936 /* Sources */,
				62C028411C3F979C0028B936 /* Frameworks */,
				62C028421C3F979C0028B936 /* Headers */,
				62C028431C3F979C0028B936 /* Resources */,
			);
			buildRules = (
			);
			dependencies = (
				62317F421C9EFC6A0028FA22 /* PBXTargetDependency */,
			);
			name = JMUIChattingKit;
			productName = JMUIChattingKit;
			productReference = 62C028451C3F979C0028B936 /* JMUIChattingKit.framework */;
			productType = "com.apple.product-type.framework";
		};
/* End PBXNativeTarget section */

/* Begin PBXProject section */
		62C0283C1C3F979C0028B936 /* Project object */ = {
			isa = PBXProject;
			attributes = {
				LastUpgradeCheck = 0720;
				ORGANIZATIONNAME = HuminiOS;
				TargetAttributes = {
					62317EDB1C9EFBC90028FA22 = {
						CreatedOnToolsVersion = 7.2.1;
					};
					62C028441C3F979C0028B936 = {
						CreatedOnToolsVersion = 7.2;
					};
				};
			};
			buildConfigurationList = 62C0283F1C3F979C0028B936 /* Build configuration list for PBXProject "JMUIChattingKit" */;
			compatibilityVersion = "Xcode 3.2";
			developmentRegion = English;
			hasScannedForEncodings = 0;
			knownRegions = (
				en,
			);
			mainGroup = 62C0283B1C3F979C0028B936;
			productRefGroup = 62C028461C3F979C0028B936 /* Products */;
			projectDirPath = "";
			projectRoot = "";
			targets = (
				62C028441C3F979C0028B936 /* JMUIChattingKit */,
				62317EDB1C9EFBC90028FA22 /* JMUIChattingKitResource */,
			);
		};
/* End PBXProject section */

/* Begin PBXResourcesBuildPhase section */
		62317EDA1C9EFBC90028FA22 /* Resources */ = {
			isa = PBXResourcesBuildPhase;
			buildActionMask = 2147483647;
			files = (
				62317EE21C9EFC3C0028FA22 /* JMUIShowTimeCell.xib in Resources */,
				62317F331C9EFC5C0028FA22 /* RecordingSignal004@2x.png in Resources */,
				62317F2F1C9EFC5C0028FA22 /* RecordingSignal000@2x.png in Resources */,
				62317F241C9EFC5C0028FA22 /* mychatBg@2x.png in Resources */,
				62317F3E1C9EFC5C0028FA22 /* voice_toolbar_pre@3x.png in Resources */,
				62317F1F1C9EFC5C0028FA22 /* headDefalt@3x.png in Resources */,
				62317F151C9EFC5C0028FA22 /* add01@2x.png in Resources */,
				62317F271C9EFC5C0028FA22 /* photo_24@3x.png in Resources */,
				62317F351C9EFC5C0028FA22 /* RecordingSignal006@2x.png in Resources */,
				62317F181C9EFC5C0028FA22 /* addMan@3x.png in Resources */,
				62317F231C9EFC5C0028FA22 /* keyboard_toolbar@3x.png in Resources */,
				62317F1B1C9EFC5C0028FA22 /* chat_voice@2x.png in Resources */,
				62317F191C9EFC5C0028FA22 /* camera_35@2x.png in Resources */,
				62317F211C9EFC5C0028FA22 /* keyboard_toolbar_pre@3x.png in Resources */,
				62317F221C9EFC5C0028FA22 /* keyboard_toolbar@2x.png in Resources */,
				62317F141C9EFC5C0028FA22 /* add01_pre@3x.png in Resources */,
				62317F311C9EFC5C0028FA22 /* RecordingSignal002@2x.png in Resources */,
				62317F391C9EFC5C0028FA22 /* SenderVoiceNodePlaying001@2x.png in Resources */,
				62317F131C9EFC5C0028FA22 /* add01_pre@2x.png in Resources */,
				62317F341C9EFC5C0028FA22 /* RecordingSignal005@2x.png in Resources */,
				62317F161C9EFC5C0028FA22 /* add01@3x.png in Resources */,
				62317EE31C9EFC3C0028FA22 /* JMUIInputToolbar.xib in Resources */,
				62317F251C9EFC5C0028FA22 /* otherChatBg@2x.png in Resources */,
				62317EE41C9EFC3C0028FA22 /* JMUIMoreView.xib in Resources */,
				62317F171C9EFC5C0028FA22 /* addMan@2x.png in Resources */,
				62317F3F1C9EFC5C0028FA22 /* voice_toolbar@2x.png in Resources */,
				62317F1D1C9EFC5C0028FA22 /* deleteMan@3x.png in Resources */,
				62317F2E1C9EFC5C0028FA22 /* RecordingBkg@3x.png in Resources */,
				62317F371C9EFC5C0028FA22 /* RecordingSignal008@2x.png in Resources */,
				62317F361C9EFC5C0028FA22 /* RecordingSignal007@2x.png in Resources */,
				62317F3A1C9EFC5C0028FA22 /* SenderVoiceNodePlaying002@2x.png in Resources */,
				62317F2D1C9EFC5C0028FA22 /* RecordingBkg@2x.png in Resources */,
				62317F3B1C9EFC5C0028FA22 /* SenderVoiceNodePlaying003@2x.png in Resources */,
				62317F291C9EFC5C0028FA22 /* ReceiverVoiceNodePlaying001@2x.png in Resources */,
				62317F2C1C9EFC5C0028FA22 /* RecordCancel@2x.png in Resources */,
				62317F1A1C9EFC5C0028FA22 /* camera_35@3x.png in Resources */,
				62317F201C9EFC5C0028FA22 /* keyboard_toolbar_pre@2x.png in Resources */,
				62317F3D1C9EFC5C0028FA22 /* voice_toolbar_pre@2x.png in Resources */,
				62317F3C1C9EFC5C0028FA22 /* voice_delete@2x.png in Resources */,
				62317F401C9EFC5C0028FA22 /* voice_toolbar@3x.png in Resources */,
				62317F321C9EFC5C0028FA22 /* RecordingSignal003@2x.png in Resources */,
				62317F381C9EFC5C0028FA22 /* SenderVoiceNodePlaying@2x.png in Resources */,
				62317F1E1C9EFC5C0028FA22 /* headDefalt@2x.png in Resources */,
				62317F2B1C9EFC5C0028FA22 /* ReceiverVoiceNodePlaying003@2x.png in Resources */,
				62317F281C9EFC5C0028FA22 /* ReceiverVoiceNodePlaying@2x.png in Resources */,
				62317F301C9EFC5C0028FA22 /* RecordingSignal001@2x.png in Resources */,
				62317F1C1C9EFC5C0028FA22 /* deleteMan@2x.png in Resources */,
				62317F2A1C9EFC5C0028FA22 /* ReceiverVoiceNodePlaying002@2x.png in Resources */,
				62317F261C9EFC5C0028FA22 /* photo_24@2x.png in Resources */,
			);
			runOnlyForDeploymentPostprocessing = 0;
		};
		62C028431C3F979C0028B936 /* Resources */ = {
			isa = PBXResourcesBuildPhase;
			buildActionMask = 2147483647;
			files = (
				62C028F71C3F97B40028B936 /* JMUIChattingKitResource.bundle in Resources */,
				62C028F41C3F97B40028B936 /* JMUIMoreView.xib in Resources */,
				62C028ED1C3F97B40028B936 /* JMUIInputToolbar.xib in Resources */,
				62C028D91C3F97B40028B936 /* JMUIShowTimeCell.xib in Resources */,
			);
			runOnlyForDeploymentPostprocessing = 0;
		};
/* End PBXResourcesBuildPhase section */

/* Begin PBXSourcesBuildPhase section */
		62317ED81C9EFBC90028FA22 /* Sources */ = {
			isa = PBXSourcesBuildPhase;
			buildActionMask = 2147483647;
			files = (
			);
			runOnlyForDeploymentPostprocessing = 0;
		};
		62C028401C3F979C0028B936 /* Sources */ = {
			isa = PBXSourcesBuildPhase;
			buildActionMask = 2147483647;
			files = (
				62C02CE81C4629950028B936 /* JMUIChattingReuseCellMaker.m in Sources */,
				62C028D01C3F97B40028B936 /* JMUIChatModel.m in Sources */,
				62C028D21C3F97B40028B936 /* JMUIMessageContentView.m in Sources */,
				62C02CE41C46293C0028B936 /* JMUISendMsgManager.m in Sources */,
				62C028D61C3F97B40028B936 /* JMUIMessageTableViewCell.m in Sources */,
				62C028D41C3F97B40028B936 /* JMUILoadMessageTableViewCell.m in Sources */,
				62C028F11C3F97B40028B936 /* JMUIMessageTextView.m in Sources */,
				623BBAE61E4AC8E400186A4D /* UIImage+ResizeMagick.m in Sources */,
				62C028EC1C3F97B40028B936 /* JMUIInputToolbar.m in Sources */,
				62C028EF1C3F97B40028B936 /* JMUIInputView.m in Sources */,
				62C028F61C3F97B40028B936 /* JMUIRecordAnimationView.m in Sources */,
				62C028F31C3F97B40028B936 /* JMUIMoreView.m in Sources */,
				62C028CE1C3F97B40028B936 /* JMUIChattingLayout.m in Sources */,
				62C028CA1C3F97B40028B936 /* JMUIChattingViewController.m in Sources */,
				62C028CC1C3F97B40028B936 /* JMUIChattingDatasource.m in Sources */,
				62C02CE21C46293C0028B936 /* JMUISendMsgController.m in Sources */,
				623BBC1E1E4C374900186A4D /* JMUIMessageTableView.m in Sources */,
				62C028D81C3F97B40028B936 /* JMUIShowTimeCell.m in Sources */,
				62C028EA1C3F97B40028B936 /* JMUIAudioPlayerHelper.m in Sources */,
				62C02CDB1C4627F70028B936 /* UIImage+JMUIChatting.m in Sources */,
			);
			runOnlyForDeploymentPostprocessing = 0;
		};
/* End PBXSourcesBuildPhase section */

/* Begin PBXTargetDependency section */
		62317F421C9EFC6A0028FA22 /* PBXTargetDependency */ = {
			isa = PBXTargetDependency;
			target = 62317EDB1C9EFBC90028FA22 /* JMUIChattingKitResource */;
			targetProxy = 62317F411C9EFC6A0028FA22 /* PBXContainerItemProxy */;
		};
/* End PBXTargetDependency section */

/* Begin XCBuildConfiguration section */
		62317EDF1C9EFBC90028FA22 /* Debug */ = {
			isa = XCBuildConfiguration;
			buildSettings = {
				CODE_SIGN_IDENTITY = "-";
				COMBINE_HIDPI_IMAGES = NO;
				ENABLE_BITCODE = NO;
				INFOPLIST_FILE = "";
				INSTALL_PATH = "$(LOCAL_LIBRARY_DIR)/Bundles";
				MACOSX_DEPLOYMENT_TARGET = 10.11;
				PRODUCT_BUNDLE_IDENTIFIER = HXHG.JMUIChattingKitResource;
				PRODUCT_NAME = "$(TARGET_NAME)";
				SDKROOT = iphoneos;
				SKIP_INSTALL = YES;
				WRAPPER_EXTENSION = bundle;
			};
			name = Debug;
		};
		62317EE01C9EFBC90028FA22 /* Release */ = {
			isa = XCBuildConfiguration;
			buildSettings = {
				CODE_SIGN_IDENTITY = "-";
				COMBINE_HIDPI_IMAGES = NO;
				ENABLE_BITCODE = NO;
				INFOPLIST_FILE = "";
				INSTALL_PATH = "$(LOCAL_LIBRARY_DIR)/Bundles";
				MACOSX_DEPLOYMENT_TARGET = 10.11;
				PRODUCT_BUNDLE_IDENTIFIER = HXHG.JMUIChattingKitResource;
				PRODUCT_NAME = "$(TARGET_NAME)";
				SDKROOT = iphoneos;
				SKIP_INSTALL = YES;
				WRAPPER_EXTENSION = bundle;
			};
			name = Release;
		};
		62C028571C3F979C0028B936 /* Debug */ = {
			isa = XCBuildConfiguration;
			buildSettings = {
				ALWAYS_SEARCH_USER_PATHS = NO;
				CLANG_CXX_LANGUAGE_STANDARD = "gnu++0x";
				CLANG_CXX_LIBRARY = "libc++";
				CLANG_ENABLE_MODULES = YES;
				CLANG_ENABLE_OBJC_ARC = YES;
				CLANG_WARN_BOOL_CONVERSION = YES;
				CLANG_WARN_CONSTANT_CONVERSION = YES;
				CLANG_WARN_DIRECT_OBJC_ISA_USAGE = YES_ERROR;
				CLANG_WARN_EMPTY_BODY = YES;
				CLANG_WARN_ENUM_CONVERSION = YES;
				CLANG_WARN_INT_CONVERSION = YES;
				CLANG_WARN_OBJC_ROOT_CLASS = YES_ERROR;
				CLANG_WARN_UNREACHABLE_CODE = YES;
				CLANG_WARN__DUPLICATE_METHOD_MATCH = YES;
				"CODE_SIGN_IDENTITY[sdk=iphoneos*]" = "iPhone Developer";
				COPY_PHASE_STRIP = NO;
				CURRENT_PROJECT_VERSION = 1;
				DEBUG_INFORMATION_FORMAT = dwarf;
				ENABLE_STRICT_OBJC_MSGSEND = YES;
				ENABLE_TESTABILITY = YES;
				FRAMEWORK_SEARCH_PATHS = "$(PROJECT_DIR)/../";
				GCC_C_LANGUAGE_STANDARD = gnu99;
				GCC_DYNAMIC_NO_PIC = NO;
				GCC_NO_COMMON_BLOCKS = YES;
				GCC_OPTIMIZATION_LEVEL = 0;
				GCC_PREPROCESSOR_DEFINITIONS = (
					"DEBUG=1",
					"$(inherited)",
				);
				GCC_WARN_64_TO_32_BIT_CONVERSION = YES;
				GCC_WARN_ABOUT_RETURN_TYPE = YES_ERROR;
				GCC_WARN_UNDECLARED_SELECTOR = YES;
				GCC_WARN_UNINITIALIZED_AUTOS = YES_AGGRESSIVE;
				GCC_WARN_UNUSED_FUNCTION = YES;
				GCC_WARN_UNUSED_VARIABLE = YES;
				IPHONEOS_DEPLOYMENT_TARGET = 9.2;
				MTL_ENABLE_DEBUG_INFO = YES;
				ONLY_ACTIVE_ARCH = YES;
				SDKROOT = iphoneos;
				TARGETED_DEVICE_FAMILY = "1,2";
				VERSIONING_SYSTEM = "apple-generic";
				VERSION_INFO_PREFIX = "";
			};
			name = Debug;
		};
		62C028581C3F979C0028B936 /* Release */ = {
			isa = XCBuildConfiguration;
			buildSettings = {
				ALWAYS_SEARCH_USER_PATHS = NO;
				CLANG_CXX_LANGUAGE_STANDARD = "gnu++0x";
				CLANG_CXX_LIBRARY = "libc++";
				CLANG_ENABLE_MODULES = YES;
				CLANG_ENABLE_OBJC_ARC = YES;
				CLANG_WARN_BOOL_CONVERSION = YES;
				CLANG_WARN_CONSTANT_CONVERSION = YES;
				CLANG_WARN_DIRECT_OBJC_ISA_USAGE = YES_ERROR;
				CLANG_WARN_EMPTY_BODY = YES;
				CLANG_WARN_ENUM_CONVERSION = YES;
				CLANG_WARN_INT_CONVERSION = YES;
				CLANG_WARN_OBJC_ROOT_CLASS = YES_ERROR;
				CLANG_WARN_UNREACHABLE_CODE = YES;
				CLANG_WARN__DUPLICATE_METHOD_MATCH = YES;
				"CODE_SIGN_IDENTITY[sdk=iphoneos*]" = "iPhone Developer";
				COPY_PHASE_STRIP = NO;
				CURRENT_PROJECT_VERSION = 1;
				DEBUG_INFORMATION_FORMAT = "dwarf-with-dsym";
				ENABLE_NS_ASSERTIONS = NO;
				ENABLE_STRICT_OBJC_MSGSEND = YES;
				FRAMEWORK_SEARCH_PATHS = "$(PROJECT_DIR)/../";
				GCC_C_LANGUAGE_STANDARD = gnu99;
				GCC_NO_COMMON_BLOCKS = YES;
				GCC_WARN_64_TO_32_BIT_CONVERSION = YES;
				GCC_WARN_ABOUT_RETURN_TYPE = YES_ERROR;
				GCC_WARN_UNDECLARED_SELECTOR = YES;
				GCC_WARN_UNINITIALIZED_AUTOS = YES_AGGRESSIVE;
				GCC_WARN_UNUSED_FUNCTION = YES;
				GCC_WARN_UNUSED_VARIABLE = YES;
				IPHONEOS_DEPLOYMENT_TARGET = 9.2;
				MTL_ENABLE_DEBUG_INFO = NO;
				SDKROOT = iphoneos;
				TARGETED_DEVICE_FAMILY = "1,2";
				VALIDATE_PRODUCT = YES;
				VERSIONING_SYSTEM = "apple-generic";
				VERSION_INFO_PREFIX = "";
			};
			name = Release;
		};
		62C0285A1C3F979C0028B936 /* Debug */ = {
			isa = XCBuildConfiguration;
			buildSettings = {
				DEFINES_MODULE = YES;
				DYLIB_COMPATIBILITY_VERSION = 1;
				DYLIB_CURRENT_VERSION = 1;
				DYLIB_INSTALL_NAME_BASE = "@rpath";
				ENABLE_BITCODE = NO;
				FRAMEWORK_SEARCH_PATHS = (
					"$(inherited)",
					"$(PROJECT_DIR)/JMUIChattingKit/Framework",
					"$(PROJECT_DIR)/..",
					"$(PROJECT_DIR)/../",
				);
				INFOPLIST_FILE = JMUIChattingKit/Info.plist;
				INSTALL_PATH = "$(LOCAL_LIBRARY_DIR)/Frameworks";
				LD_RUNPATH_SEARCH_PATHS = "$(inherited) @executable_path/Frameworks @loader_path/Frameworks";
				MACH_O_TYPE = staticlib;
				OTHER_LDFLAGS = (
					"-all_load",
					"-ObjC",
				);
				PRODUCT_BUNDLE_IDENTIFIER = HuminiOS.JMUIChattingKit;
				PRODUCT_NAME = "$(TARGET_NAME)";
				SKIP_INSTALL = YES;
			};
			name = Debug;
		};
		62C0285B1C3F979C0028B936 /* Release */ = {
			isa = XCBuildConfiguration;
			buildSettings = {
				DEFINES_MODULE = YES;
				DYLIB_COMPATIBILITY_VERSION = 1;
				DYLIB_CURRENT_VERSION = 1;
				DYLIB_INSTALL_NAME_BASE = "@rpath";
				ENABLE_BITCODE = NO;
				FRAMEWORK_SEARCH_PATHS = (
					"$(inherited)",
					"$(PROJECT_DIR)/JMUIChattingKit/Framework",
					"$(PROJECT_DIR)/..",
					"$(PROJECT_DIR)/../",
				);
				INFOPLIST_FILE = JMUIChattingKit/Info.plist;
				INSTALL_PATH = "$(LOCAL_LIBRARY_DIR)/Frameworks";
				LD_RUNPATH_SEARCH_PATHS = "$(inherited) @executable_path/Frameworks @loader_path/Frameworks";
				MACH_O_TYPE = staticlib;
				OTHER_LDFLAGS = (
					"-all_load",
					"-ObjC",
				);
				PRODUCT_BUNDLE_IDENTIFIER = HuminiOS.JMUIChattingKit;
				PRODUCT_NAME = "$(TARGET_NAME)";
				SKIP_INSTALL = YES;
			};
			name = Release;
		};
/* End XCBuildConfiguration section */

/* Begin XCConfigurationList section */
		62317EE11C9EFBC90028FA22 /* Build configuration list for PBXNativeTarget "JMUIChattingKitResource" */ = {
			isa = XCConfigurationList;
			buildConfigurations = (
				62317EDF1C9EFBC90028FA22 /* Debug */,
				62317EE01C9EFBC90028FA22 /* Release */,
			);
			defaultConfigurationIsVisible = 0;
			defaultConfigurationName = Release;
		};
		62C0283F1C3F979C0028B936 /* Build configuration list for PBXProject "JMUIChattingKit" */ = {
			isa = XCConfigurationList;
			buildConfigurations = (
				62C028571C3F979C0028B936 /* Debug */,
				62C028581C3F979C0028B936 /* Release */,
			);
			defaultConfigurationIsVisible = 0;
			defaultConfigurationName = Release;
		};
		62C028591C3F979C0028B936 /* Build configuration list for PBXNativeTarget "JMUIChattingKit" */ = {
			isa = XCConfigurationList;
			buildConfigurations = (
				62C0285A1C3F979C0028B936 /* Debug */,
				62C0285B1C3F979C0028B936 /* Release */,
			);
			defaultConfigurationIsVisible = 0;
			defaultConfigurationName = Release;
		};
/* End XCConfigurationList section */
	};
	rootObject = 62C0283C1C3F979C0028B936 /* Project object */;
}
