// !$*UTF8*$!
{
	archiveVersion = 1;
	classes = {
	};
	objectVersion = 46;
	objects = {

/* Begin PBXBuildFile section */
		62C020F21C3E2C980028B936 /* main.m in Sources */ = {isa = PBXBuildFile; fileRef = 62C020F11C3E2C980028B936 /* main.m */; };
		62C020F51C3E2C980028B936 /* AppDelegate.m in Sources */ = {isa = PBXBuildFile; fileRef = 62C020F41C3E2C980028B936 /* AppDelegate.m */; };
		62C020FD1C3E2C980028B936 /* Assets.xcassets in Resources */ = {isa = PBXBuildFile; fileRef = 62C020FC1C3E2C980028B936 /* Assets.xcassets */; };
		62C021001C3E2C980028B936 /* LaunchScreen.storyboard in Resources */ = {isa = PBXBuildFile; fileRef = 62C020FE1C3E2C980028B936 /* LaunchScreen.storyboard */; };
		62C022601C3E33CA0028B936 /* RootViewController.m in Sources */ = {isa = PBXBuildFile; fileRef = 62C0225E1C3E33CA0028B936 /* RootViewController.m */; };
		62C022611C3E33CA0028B936 /* RootViewController.xib in Resources */ = {isa = PBXBuildFile; fileRef = 62C0225F1C3E33CA0028B936 /* RootViewController.xib */; };
		62C022631C3E34120028B936 /* Foundation.framework in Frameworks */ = {isa = PBXBuildFile; fileRef = 62C022621C3E34120028B936 /* Foundation.framework */; };
		62C022651C3E341C0028B936 /* libz.tbd in Frameworks */ = {isa = PBXBuildFile; fileRef = 62C022641C3E341C0028B936 /* libz.tbd */; };
		62C022671C3E34230028B936 /* Security.framework in Frameworks */ = {isa = PBXBuildFile; fileRef = 62C022661C3E34230028B936 /* Security.framework */; };
		62C022691C3E343F0028B936 /* CoreAudio.framework in Frameworks */ = {isa = PBXBuildFile; fileRef = 62C022681C3E343F0028B936 /* CoreAudio.framework */; };
		62C0226B1C3E34490028B936 /* libsqlite3.0.tbd in Frameworks */ = {isa = PBXBuildFile; fileRef = 62C0226A1C3E34490028B936 /* libsqlite3.0.tbd */; };
		62C0226D1C3E34500028B936 /* AVFoundation.framework in Frameworks */ = {isa = PBXBuildFile; fileRef = 62C0226C1C3E34500028B936 /* AVFoundation.framework */; };
		62C0226F1C3E34570028B936 /* CFNetwork.framework in Frameworks */ = {isa = PBXBuildFile; fileRef = 62C0226E1C3E34570028B936 /* CFNetwork.framework */; };
		62C022711C3E345E0028B936 /* CoreGraphics.framework in Frameworks */ = {isa = PBXBuildFile; fileRef = 62C022701C3E345E0028B936 /* CoreGraphics.framework */; };
		62C022731C3E34650028B936 /* CoreFoundation.framework in Frameworks */ = {isa = PBXBuildFile; fileRef = 62C022721C3E34650028B936 /* CoreFoundation.framework */; };
		62C022751C3E346B0028B936 /* CoreLocation.framework in Frameworks */ = {isa = PBXBuildFile; fileRef = 62C022741C3E346B0028B936 /* CoreLocation.framework */; };
		62C022771C3E34750028B936 /* SystemConfiguration.framework in Frameworks */ = {isa = PBXBuildFile; fileRef = 62C022761C3E34750028B936 /* SystemConfiguration.framework */; };
		62C022791C3E347C0028B936 /* AudioToolbox.framework in Frameworks */ = {isa = PBXBuildFile; fileRef = 62C022781C3E347C0028B936 /* AudioToolbox.framework */; };
		62C0227B1C3E34820028B936 /* CoreTelephony.framework in Frameworks */ = {isa = PBXBuildFile; fileRef = 62C0227A1C3E34820028B936 /* CoreTelephony.framework */; };
		62C0227D1C3E34920028B936 /* Accelerate.framework in Frameworks */ = {isa = PBXBuildFile; fileRef = 62C0227C1C3E34920028B936 /* Accelerate.framework */; };
		62C0227F1C3E34990028B936 /* Photos.framework in Frameworks */ = {isa = PBXBuildFile; fileRef = 62C0227E1C3E34990028B936 /* Photos.framework */; };
		62C0240E1C3E374C0028B936 /* MyConversationViewController.m in Sources */ = {isa = PBXBuildFile; fileRef = 62C0240D1C3E374C0028B936 /* MyConversationViewController.m */; };
		62C029CA1C42B3E30028B936 /* JMessage.framework in Frameworks */ = {isa = PBXBuildFile; fileRef = 62C029C91C42B3E30028B936 /* JMessage.framework */; };
		62C02BC21C44C81B0028B936 /* JMUIChattingKit.framework in Frameworks */ = {isa = PBXBuildFile; fileRef = 62C02BC11C44C81B0028B936 /* JMUIChattingKit.framework */; };
		62C02BC31C44C8D40028B936 /* JMUIChattingKit.framework in Resources */ = {isa = PBXBuildFile; fileRef = 62C02BC11C44C81B0028B936 /* JMUIChattingKit.framework */; };
		62C02CC61C4613C80028B936 /* JMUICommon.framework in Frameworks */ = {isa = PBXBuildFile; fileRef = 62C02CC51C4613C80028B936 /* JMUICommon.framework */; };
/* End PBXBuildFile section */

/* Begin PBXFileReference section */
		62C020ED1C3E2C980028B936 /* JMUIChattingDemo.app */ = {isa = PBXFileReference; explicitFileType = wrapper.application; includeInIndex = 0; path = JMUIChattingDemo.app; sourceTree = BUILT_PRODUCTS_DIR; };
		62C020F11C3E2C980028B936 /* main.m */ = {isa = PBXFileReference; lastKnownFileType = sourcecode.c.objc; path = main.m; sourceTree = "<group>"; };
		62C020F31C3E2C980028B936 /* AppDelegate.h */ = {isa = PBXFileReference; lastKnownFileType = sourcecode.c.h; path = AppDelegate.h; sourceTree = "<group>"; };
		62C020F41C3E2C980028B936 /* AppDelegate.m */ = {isa = PBXFileReference; lastKnownFileType = sourcecode.c.objc; path = AppDelegate.m; sourceTree = "<group>"; };
		62C020FC1C3E2C980028B936 /* Assets.xcassets */ = {isa = PBXFileReference; lastKnownFileType = folder.assetcatalog; path = Assets.xcassets; sourceTree = "<group>"; };
		62C020FF1C3E2C980028B936 /* Base */ = {isa = PBXFileReference; lastKnownFileType = file.storyboard; name = Base; path = Base.lproj/LaunchScreen.storyboard; sourceTree = "<group>"; };
		62C021011C3E2C980028B936 /* Info.plist */ = {isa = PBXFileReference; lastKnownFileType = text.plist.xml; path = Info.plist; sourceTree = "<group>"; };
		62C0210A1C3E2C980028B936 /* ApplicationDemoTests.m */ = {isa = PBXFileReference; lastKnownFileType = sourcecode.c.objc; path = ApplicationDemoTests.m; sourceTree = "<group>"; };
		62C0210C1C3E2C980028B936 /* Info.plist */ = {isa = PBXFileReference; lastKnownFileType = text.plist.xml; path = Info.plist; sourceTree = "<group>"; };
		62C021151C3E2C980028B936 /* ApplicationDemoUITests.m */ = {isa = PBXFileReference; lastKnownFileType = sourcecode.c.objc; path = ApplicationDemoUITests.m; sourceTree = "<group>"; };
		62C021171C3E2C980028B936 /* Info.plist */ = {isa = PBXFileReference; lastKnownFileType = text.plist.xml; path = Info.plist; sourceTree = "<group>"; };
		62C0225E1C3E33CA0028B936 /* RootViewController.m */ = {isa = PBXFileReference; fileEncoding = 4; lastKnownFileType = sourcecode.c.objc; path = RootViewController.m; sourceTree = "<group>"; };
		62C0225F1C3E33CA0028B936 /* RootViewController.xib */ = {isa = PBXFileReference; fileEncoding = 4; lastKnownFileType = file.xib; path = RootViewController.xib; sourceTree = "<group>"; };
		62C022621C3E34120028B936 /* Foundation.framework */ = {isa = PBXFileReference; lastKnownFileType = wrapper.framework; name = Foundation.framework; path = System/Library/Frameworks/Foundation.framework; sourceTree = SDKROOT; };
		62C022641C3E341C0028B936 /* libz.tbd */ = {isa = PBXFileReference; lastKnownFileType = "sourcecode.text-based-dylib-definition"; name = libz.tbd; path = usr/lib/libz.tbd; sourceTree = SDKROOT; };
		62C022661C3E34230028B936 /* Security.framework */ = {isa = PBXFileReference; lastKnownFileType = wrapper.framework; name = Security.framework; path = System/Library/Frameworks/Security.framework; sourceTree = SDKROOT; };
		62C022681C3E343F0028B936 /* CoreAudio.framework */ = {isa = PBXFileReference; lastKnownFileType = wrapper.framework; name = CoreAudio.framework; path = System/Library/Frameworks/CoreAudio.framework; sourceTree = SDKROOT; };
		62C0226A1C3E34490028B936 /* libsqlite3.0.tbd */ = {isa = PBXFileReference; lastKnownFileType = "sourcecode.text-based-dylib-definition"; name = libsqlite3.0.tbd; path = usr/lib/libsqlite3.0.tbd; sourceTree = SDKROOT; };
		62C0226C1C3E34500028B936 /* AVFoundation.framework */ = {isa = PBXFileReference; lastKnownFileType = wrapper.framework; name = AVFoundation.framework; path = System/Library/Frameworks/AVFoundation.framework; sourceTree = SDKROOT; };
		62C0226E1C3E34570028B936 /* CFNetwork.framework */ = {isa = PBXFileReference; lastKnownFileType = wrapper.framework; name = CFNetwork.framework; path = System/Library/Frameworks/CFNetwork.framework; sourceTree = SDKROOT; };
		62C022701C3E345E0028B936 /* CoreGraphics.framework */ = {isa = PBXFileReference; lastKnownFileType = wrapper.framework; name = CoreGraphics.framework; path = System/Library/Frameworks/CoreGraphics.framework; sourceTree = SDKROOT; };
		62C022721C3E34650028B936 /* CoreFoundation.framework */ = {isa = PBXFileReference; lastKnownFileType = wrapper.framework; name = CoreFoundation.framework; path = System/Library/Frameworks/CoreFoundation.framework; sourceTree = SDKROOT; };
		62C022741C3E346B0028B936 /* CoreLocation.framework */ = {isa = PBXFileReference; lastKnownFileType = wrapper.framework; name = CoreLocation.framework; path = System/Library/Frameworks/CoreLocation.framework; sourceTree = SDKROOT; };
		62C022761C3E34750028B936 /* SystemConfiguration.framework */ = {isa = PBXFileReference; lastKnownFileType = wrapper.framework; name = SystemConfiguration.framework; path = System/Library/Frameworks/SystemConfiguration.framework; sourceTree = SDKROOT; };
		62C022781C3E347C0028B936 /* AudioToolbox.framework */ = {isa = PBXFileReference; lastKnownFileType = wrapper.framework; name = AudioToolbox.framework; path = System/Library/Frameworks/AudioToolbox.framework; sourceTree = SDKROOT; };
		62C0227A1C3E34820028B936 /* CoreTelephony.framework */ = {isa = PBXFileReference; lastKnownFileType = wrapper.framework; name = CoreTelephony.framework; path = System/Library/Frameworks/CoreTelephony.framework; sourceTree = SDKROOT; };
		62C0227C1C3E34920028B936 /* Accelerate.framework */ = {isa = PBXFileReference; lastKnownFileType = wrapper.framework; name = Accelerate.framework; path = System/Library/Frameworks/Accelerate.framework; sourceTree = SDKROOT; };
		62C0227E1C3E34990028B936 /* Photos.framework */ = {isa = PBXFileReference; lastKnownFileType = wrapper.framework; name = Photos.framework; path = System/Library/Frameworks/Photos.framework; sourceTree = SDKROOT; };
		62C0240C1C3E374C0028B936 /* MyConversationViewController.h */ = {isa = PBXFileReference; fileEncoding = 4; lastKnownFileType = sourcecode.c.h; path = MyConversationViewController.h; sourceTree = "<group>"; };
		62C0240D1C3E374C0028B936 /* MyConversationViewController.m */ = {isa = PBXFileReference; fileEncoding = 4; lastKnownFileType = sourcecode.c.objc; path = MyConversationViewController.m; sourceTree = "<group>"; };
		62C024101C3E3BE40028B936 /* RootViewController.h */ = {isa = PBXFileReference; lastKnownFileType = sourcecode.c.h; path = RootViewController.h; sourceTree = "<group>"; };
		62C029C91C42B3E30028B936 /* JMessage.framework */ = {isa = PBXFileReference; lastKnownFileType = wrapper.framework; path = JMessage.framework; sourceTree = SOURCE_ROOT; };
		62C02BC11C44C81B0028B936 /* JMUIChattingKit.framework */ = {isa = PBXFileReference; lastKnownFileType = wrapper.framework; path = JMUIChattingKit.framework; sourceTree = SOURCE_ROOT; };
		62C02CC51C4613C80028B936 /* JMUICommon.framework */ = {isa = PBXFileReference; lastKnownFileType = wrapper.framework; path = JMUICommon.framework; sourceTree = "<group>"; };
/* End PBXFileReference section */

/* Begin PBXFrameworksBuildPhase section */
		62C020EA1C3E2C980028B936 /* Frameworks */ = {
			isa = PBXFrameworksBuildPhase;
			buildActionMask = 2147483647;
			files = (
				62C0227F1C3E34990028B936 /* Photos.framework in Frameworks */,
				62C0227D1C3E34920028B936 /* Accelerate.framework in Frameworks */,
				62C0227B1C3E34820028B936 /* CoreTelephony.framework in Frameworks */,
				62C022791C3E347C0028B936 /* AudioToolbox.framework in Frameworks */,
				62C02CC61C4613C80028B936 /* JMUICommon.framework in Frameworks */,
				62C022771C3E34750028B936 /* SystemConfiguration.framework in Frameworks */,
				62C022751C3E346B0028B936 /* CoreLocation.framework in Frameworks */,
				62C022731C3E34650028B936 /* CoreFoundation.framework in Frameworks */,
				62C022711C3E345E0028B936 /* CoreGraphics.framework in Frameworks */,
				62C02BC21C44C81B0028B936 /* JMUIChattingKit.framework in Frameworks */,
				62C0226F1C3E34570028B936 /* CFNetwork.framework in Frameworks */,
				62C0226D1C3E34500028B936 /* AVFoundation.framework in Frameworks */,
				62C0226B1C3E34490028B936 /* libsqlite3.0.tbd in Frameworks */,
				62C022691C3E343F0028B936 /* CoreAudio.framework in Frameworks */,
				62C022671C3E34230028B936 /* Security.framework in Frameworks */,
				62C029CA1C42B3E30028B936 /* JMessage.framework in Frameworks */,
				62C022651C3E341C0028B936 /* libz.tbd in Frameworks */,
				62C022631C3E34120028B936 /* Foundation.framework in Frameworks */,
			);
			runOnlyForDeploymentPostprocessing = 0;
		};
/* End PBXFrameworksBuildPhase section */

/* Begin PBXGroup section */
		62C020E41C3E2C980028B936 = {
			isa = PBXGroup;
			children = (
				62C020EF1C3E2C980028B936 /* ApplicationDemo */,
				62C021091C3E2C980028B936 /* ApplicationDemoTests */,
				62C021141C3E2C980028B936 /* ApplicationDemoUITests */,
				62C020EE1C3E2C980028B936 /* Products */,
			);
			sourceTree = "<group>";
		};
		62C020EE1C3E2C980028B936 /* Products */ = {
			isa = PBXGroup;
			children = (
				62C020ED1C3E2C980028B936 /* JMUIChattingDemo.app */,
			);
			name = Products;
			sourceTree = "<group>";
		};
		62C020EF1C3E2C980028B936 /* ApplicationDemo */ = {
			isa = PBXGroup;
			children = (
				62C029C91C42B3E30028B936 /* JMessage.framework */,
				62C020F31C3E2C980028B936 /* AppDelegate.h */,
				62C020F41C3E2C980028B936 /* AppDelegate.m */,
				62C024101C3E3BE40028B936 /* RootViewController.h */,
				62C0225E1C3E33CA0028B936 /* RootViewController.m */,
				62C0225F1C3E33CA0028B936 /* RootViewController.xib */,
				62C0240C1C3E374C0028B936 /* MyConversationViewController.h */,
				62C0240D1C3E374C0028B936 /* MyConversationViewController.m */,
				62C020FC1C3E2C980028B936 /* Assets.xcassets */,
				62C020FE1C3E2C980028B936 /* LaunchScreen.storyboard */,
				62C021011C3E2C980028B936 /* Info.plist */,
				62C022801C3E34B90028B936 /* Framework */,
				62C020F01C3E2C980028B936 /* Supporting Files */,
			);
			path = ApplicationDemo;
			sourceTree = "<group>";
		};
		62C020F01C3E2C980028B936 /* Supporting Files */ = {
			isa = PBXGroup;
			children = (
				62C020F11C3E2C980028B936 /* main.m */,
			);
			name = "Supporting Files";
			sourceTree = "<group>";
		};
		62C021091C3E2C980028B936 /* ApplicationDemoTests */ = {
			isa = PBXGroup;
			children = (
				62C0210A1C3E2C980028B936 /* ApplicationDemoTests.m */,
				62C0210C1C3E2C980028B936 /* Info.plist */,
			);
			path = ApplicationDemoTests;
			sourceTree = "<group>";
		};
		62C021141C3E2C980028B936 /* ApplicationDemoUITests */ = {
			isa = PBXGroup;
			children = (
				62C021151C3E2C980028B936 /* ApplicationDemoUITests.m */,
				62C021171C3E2C980028B936 /* Info.plist */,
			);
			path = ApplicationDemoUITests;
			sourceTree = "<group>";
		};
		62C022801C3E34B90028B936 /* Framework */ = {
			isa = PBXGroup;
			children = (
				62C02CC51C4613C80028B936 /* JMUICommon.framework */,
				62C02BC11C44C81B0028B936 /* JMUIChattingKit.framework */,
				62C0227E1C3E34990028B936 /* Photos.framework */,
				62C0227C1C3E34920028B936 /* Accelerate.framework */,
				62C0227A1C3E34820028B936 /* CoreTelephony.framework */,
				62C022781C3E347C0028B936 /* AudioToolbox.framework */,
				62C022761C3E34750028B936 /* SystemConfiguration.framework */,
				62C022741C3E346B0028B936 /* CoreLocation.framework */,
				62C022721C3E34650028B936 /* CoreFoundation.framework */,
				62C022701C3E345E0028B936 /* CoreGraphics.framework */,
				62C0226E1C3E34570028B936 /* CFNetwork.framework */,
				62C0226C1C3E34500028B936 /* AVFoundation.framework */,
				62C0226A1C3E34490028B936 /* libsqlite3.0.tbd */,
				62C022681C3E343F0028B936 /* CoreAudio.framework */,
				62C022661C3E34230028B936 /* Security.framework */,
				62C022641C3E341C0028B936 /* libz.tbd */,
				62C022621C3E34120028B936 /* Foundation.framework */,
			);
			name = Framework;
			sourceTree = "<group>";
		};
/* End PBXGroup section */

/* Begin PBXNativeTarget section */
		62C020EC1C3E2C980028B936 /* JMUIChattingDemo */ = {
			isa = PBXNativeTarget;
			buildConfigurationList = 62C0211A1C3E2C980028B936 /* Build configuration list for PBXNativeTarget "JMUIChattingDemo" */;
			buildPhases = (
				62C020E91C3E2C980028B936 /* Sources */,
				62C020EA1C3E2C980028B936 /* Frameworks */,
				62C020EB1C3E2C980028B936 /* Resources */,
			);
			buildRules = (
			);
			dependencies = (
			);
			name = JMUIChattingDemo;
			productName = ApplicationDemo;
			productReference = 62C020ED1C3E2C980028B936 /* JMUIChattingDemo.app */;
			productType = "com.apple.product-type.application";
		};
/* End PBXNativeTarget section */

/* Begin PBXProject section */
		62C020E51C3E2C980028B936 /* Project object */ = {
			isa = PBXProject;
			attributes = {
				LastUpgradeCheck = 0720;
				ORGANIZATIONNAME = HuminiOS;
				TargetAttributes = {
					62C020EC1C3E2C980028B936 = {
						CreatedOnToolsVersion = 7.2;
					};
				};
			};
			buildConfigurationList = 62C020E81C3E2C980028B936 /* Build configuration list for PBXProject "JMUIChattingDemo" */;
			compatibilityVersion = "Xcode 3.2";
			developmentRegion = English;
			hasScannedForEncodings = 0;
			knownRegions = (
				en,
				Base,
			);
			mainGroup = 62C020E41C3E2C980028B936;
			productRefGroup = 62C020EE1C3E2C980028B936 /* Products */;
			projectDirPath = "";
			projectRoot = "";
			targets = (
				62C020EC1C3E2C980028B936 /* JMUIChattingDemo */,
			);
		};
/* End PBXProject section */

/* Begin PBXResourcesBuildPhase section */
		62C020EB1C3E2C980028B936 /* Resources */ = {
			isa = PBXResourcesBuildPhase;
			buildActionMask = 2147483647;
			files = (
				62C02BC31C44C8D40028B936 /* JMUIChattingKit.framework in Resources */,
				62C021001C3E2C980028B936 /* LaunchScreen.storyboard in Resources */,
				62C020FD1C3E2C980028B936 /* Assets.xcassets in Resources */,
				62C022611C3E33CA0028B936 /* RootViewController.xib in Resources */,
			);
			runOnlyForDeploymentPostprocessing = 0;
		};
/* End PBXResourcesBuildPhase section */

/* Begin PBXSourcesBuildPhase section */
		62C020E91C3E2C980028B936 /* Sources */ = {
			isa = PBXSourcesBuildPhase;
			buildActionMask = 2147483647;
			files = (
				62C022601C3E33CA0028B936 /* RootViewController.m in Sources */,
				62C020F51C3E2C980028B936 /* AppDelegate.m in Sources */,
				62C020F21C3E2C980028B936 /* main.m in Sources */,
				62C0240E1C3E374C0028B936 /* MyConversationViewController.m in Sources */,
			);
			runOnlyForDeploymentPostprocessing = 0;
		};
/* End PBXSourcesBuildPhase section */

/* Begin PBXVariantGroup section */
		62C020FE1C3E2C980028B936 /* LaunchScreen.storyboard */ = {
			isa = PBXVariantGroup;
			children = (
				62C020FF1C3E2C980028B936 /* Base */,
			);
			name = LaunchScreen.storyboard;
			sourceTree = "<group>";
		};
/* End PBXVariantGroup section */

/* Begin XCBuildConfiguration section */
		62C021181C3E2C980028B936 /* Debug */ = {
			isa = XCBuildConfiguration;
			buildSettings = {
				ALWAYS_SEARCH_USER_PATHS = NO;
				CLANG_CXX_LANGUAGE_STANDARD = "gnu++0x";
				CLANG_CXX_LIBRARY = "libc++";
				CLANG_ENABLE_MODULES = YES;
				CLANG_ENABLE_OBJC_ARC = YES;
				CLANG_WARN_BOOL_CONVERSION = YES;
				CLANG_WARN_CONSTANT_CONVERSION = YES;
				CLANG_WARN_DIRECT_OBJC_ISA_USAGE = YES_ERROR;
				CLANG_WARN_EMPTY_BODY = YES;
				CLANG_WARN_ENUM_CONVERSION = YES;
				CLANG_WARN_INT_CONVERSION = YES;
				CLANG_WARN_OBJC_ROOT_CLASS = YES_ERROR;
				CLANG_WARN_UNREACHABLE_CODE = YES;
				CLANG_WARN__DUPLICATE_METHOD_MATCH = YES;
				"CODE_SIGN_IDENTITY[sdk=iphoneos*]" = "iPhone Developer";
				COPY_PHASE_STRIP = NO;
				DEBUG_INFORMATION_FORMAT = dwarf;
				ENABLE_STRICT_OBJC_MSGSEND = YES;
				ENABLE_TESTABILITY = YES;
				GCC_C_LANGUAGE_STANDARD = gnu99;
				GCC_DYNAMIC_NO_PIC = NO;
				GCC_NO_COMMON_BLOCKS = YES;
				GCC_OPTIMIZATION_LEVEL = 0;
				GCC_PREPROCESSOR_DEFINITIONS = (
					"DEBUG=1",
					"$(inherited)",
				);
				GCC_WARN_64_TO_32_BIT_CONVERSION = YES;
				GCC_WARN_ABOUT_RETURN_TYPE = YES_ERROR;
				GCC_WARN_UNDECLARED_SELECTOR = YES;
				GCC_WARN_UNINITIALIZED_AUTOS = YES_AGGRESSIVE;
				GCC_WARN_UNUSED_FUNCTION = YES;
				GCC_WARN_UNUSED_VARIABLE = YES;
				IPHONEOS_DEPLOYMENT_TARGET = 9.2;
				MTL_ENABLE_DEBUG_INFO = YES;
				ONLY_ACTIVE_ARCH = YES;
				SDKROOT = iphoneos;
				TARGETED_DEVICE_FAMILY = "1,2";
			};
			name = Debug;
		};
		62C021191C3E2C980028B936 /* Release */ = {
			isa = XCBuildConfiguration;
			buildSettings = {
				ALWAYS_SEARCH_USER_PATHS = NO;
				CLANG_CXX_LANGUAGE_STANDARD = "gnu++0x";
				CLANG_CXX_LIBRARY = "libc++";
				CLANG_ENABLE_MODULES = YES;
				CLANG_ENABLE_OBJC_ARC = YES;
				CLANG_WARN_BOOL_CONVERSION = YES;
				CLANG_WARN_CONSTANT_CONVERSION = YES;
				CLANG_WARN_DIRECT_OBJC_ISA_USAGE = YES_ERROR;
				CLANG_WARN_EMPTY_BODY = YES;
				CLANG_WARN_ENUM_CONVERSION = YES;
				CLANG_WARN_INT_CONVERSION = YES;
				CLANG_WARN_OBJC_ROOT_CLASS = YES_ERROR;
				CLANG_WARN_UNREACHABLE_CODE = YES;
				CLANG_WARN__DUPLICATE_METHOD_MATCH = YES;
				"CODE_SIGN_IDENTITY[sdk=iphoneos*]" = "iPhone Developer";
				COPY_PHASE_STRIP = NO;
				DEBUG_INFORMATION_FORMAT = "dwarf-with-dsym";
				ENABLE_NS_ASSERTIONS = NO;
				ENABLE_STRICT_OBJC_MSGSEND = YES;
				GCC_C_LANGUAGE_STANDARD = gnu99;
				GCC_NO_COMMON_BLOCKS = YES;
				GCC_WARN_64_TO_32_BIT_CONVERSION = YES;
				GCC_WARN_ABOUT_RETURN_TYPE = YES_ERROR;
				GCC_WARN_UNDECLARED_SELECTOR = YES;
				GCC_WARN_UNINITIALIZED_AUTOS = YES_AGGRESSIVE;
				GCC_WARN_UNUSED_FUNCTION = YES;
				GCC_WARN_UNUSED_VARIABLE = YES;
				IPHONEOS_DEPLOYMENT_TARGET = 9.2;
				MTL_ENABLE_DEBUG_INFO = NO;
				SDKROOT = iphoneos;
				TARGETED_DEVICE_FAMILY = "1,2";
				VALIDATE_PRODUCT = YES;
			};
			name = Release;
		};
		62C0211B1C3E2C980028B936 /* Debug */ = {
			isa = XCBuildConfiguration;
			buildSettings = {
				ASSETCATALOG_COMPILER_APPICON_NAME = AppIcon;
				FRAMEWORK_SEARCH_PATHS = (
					"$(inherited)",
					"$(PROJECT_DIR)/ApplicationDemo/UIKit/Framework",
					"$(PROJECT_DIR)/ApplicationDemo/JMUIChattingKit/Framework",
					"$(PROJECT_DIR)/ApplicationDemo",
					"$(PROJECT_DIR)",
				);
				INFOPLIST_FILE = ApplicationDemo/Info.plist;
				LD_RUNPATH_SEARCH_PATHS = "$(inherited) @executable_path/Frameworks";
				OTHER_LDFLAGS = (
					"-ObjC",
					"-all_load",
				);
				PRODUCT_BUNDLE_IDENTIFIER = HuminiOS.JMUIChatting;
				PRODUCT_NAME = JMUIChattingDemo;
			};
			name = Debug;
		};
		62C0211C1C3E2C980028B936 /* Release */ = {
			isa = XCBuildConfiguration;
			buildSettings = {
				ASSETCATALOG_COMPILER_APPICON_NAME = AppIcon;
				FRAMEWORK_SEARCH_PATHS = (
					"$(inherited)",
					"$(PROJECT_DIR)/ApplicationDemo/UIKit/Framework",
					"$(PROJECT_DIR)/ApplicationDemo/JMUIChattingKit/Framework",
					"$(PROJECT_DIR)/ApplicationDemo",
					"$(PROJECT_DIR)",
				);
				INFOPLIST_FILE = ApplicationDemo/Info.plist;
				LD_RUNPATH_SEARCH_PATHS = "$(inherited) @executable_path/Frameworks";
				OTHER_LDFLAGS = (
					"-ObjC",
					"-all_load",
				);
				PRODUCT_BUNDLE_IDENTIFIER = HuminiOS.JMUIChatting;
				PRODUCT_NAME = JMUIChattingDemo;
			};
			name = Release;
		};
/* End XCBuildConfiguration section */

/* Begin XCConfigurationList section */
		62C020E81C3E2C980028B936 /* Build configuration list for PBXProject "JMUIChattingDemo" */ = {
			isa = XCConfigurationList;
			buildConfigurations = (
				62C021181C3E2C980028B936 /* Debug */,
				62C021191C3E2C980028B936 /* Release */,
			);
			defaultConfigurationIsVisible = 0;
			defaultConfigurationName = Release;
		};
		62C0211A1C3E2C980028B936 /* Build configuration list for PBXNativeTarget "JMUIChattingDemo" */ = {
			isa = XCConfigurationList;
			buildConfigurations = (
				62C0211B1C3E2C980028B936 /* Debug */,
				62C0211C1C3E2C980028B936 /* Release */,
			);
			defaultConfigurationIsVisible = 0;
			defaultConfigurationName = Release;
		};
/* End XCConfigurationList section */
	};
	rootObject = 62C020E51C3E2C980028B936 /* Project object */;
}
